// !$*UTF8*$!
{
	archiveVersion = 1;
	classes = {
	};
	objectVersion = 46;
	objects = {

/* Begin PBXBuildFile section */
		1E0B9F031CE475850050DB7E /* AdditionalTabBarItemManager.m in Sources */ = {isa = PBXBuildFile; fileRef = 1E0B9E311CE475840050DB7E /* AdditionalTabBarItemManager.m */; };
		1E0B9F061CE475850050DB7E /* ThirdPartyLoginService.m in Sources */ = {isa = PBXBuildFile; fileRef = 1E0B9E3A1CE475840050DB7E /* ThirdPartyLoginService.m */; };
		1E0B9F071CE475850050DB7E /* AlipayManager.m in Sources */ = {isa = PBXBuildFile; fileRef = 1E0B9E3D1CE475840050DB7E /* AlipayManager.m */; };
		1E0B9F081CE475850050DB7E /* KTCPaymentInfo.m in Sources */ = {isa = PBXBuildFile; fileRef = 1E0B9E3F1CE475840050DB7E /* KTCPaymentInfo.m */; };
		1E0B9F091CE475850050DB7E /* KTCPaymentService.m in Sources */ = {isa = PBXBuildFile; fileRef = 1E0B9E411CE475840050DB7E /* KTCPaymentService.m */; };
		1E0B9F0A1CE475850050DB7E /* AEPushNotificationService.m in Sources */ = {isa = PBXBuildFile; fileRef = 1E0B9E441CE475840050DB7E /* AEPushNotificationService.m */; };
		1E0B9F0B1CE475850050DB7E /* PushNotificationModel.m in Sources */ = {isa = PBXBuildFile; fileRef = 1E0B9E461CE475840050DB7E /* PushNotificationModel.m */; };
		1E0B9F0C1CE475850050DB7E /* AESegueMaster.m in Sources */ = {isa = PBXBuildFile; fileRef = 1E0B9E491CE475840050DB7E /* AESegueMaster.m */; };
		1E0B9F0E1CE475850050DB7E /* TextSegueModel.m in Sources */ = {isa = PBXBuildFile; fileRef = 1E0B9E4D1CE475840050DB7E /* TextSegueModel.m */; };
		1E0B9F0F1CE475850050DB7E /* CommonShareObject.m in Sources */ = {isa = PBXBuildFile; fileRef = 1E0B9E501CE475840050DB7E /* CommonShareObject.m */; };
		1E0B9F101CE475850050DB7E /* CommonShareService.m in Sources */ = {isa = PBXBuildFile; fileRef = 1E0B9E521CE475840050DB7E /* CommonShareService.m */; };
		1E0B9F111CE475850050DB7E /* KTCShareService.m in Sources */ = {isa = PBXBuildFile; fileRef = 1E0B9E541CE475840050DB7E /* KTCShareService.m */; };
		1E0B9F121CE475850050DB7E /* TencentManager.m in Sources */ = {isa = PBXBuildFile; fileRef = 1E0B9E571CE475840050DB7E /* TencentManager.m */; };
		1E0B9F131CE475850050DB7E /* WeChatManager.m in Sources */ = {isa = PBXBuildFile; fileRef = 1E0B9E591CE475840050DB7E /* WeChatManager.m */; };
		1E0B9F141CE475850050DB7E /* WeiboManager.m in Sources */ = {isa = PBXBuildFile; fileRef = 1E0B9E5B1CE475840050DB7E /* WeiboManager.m */; };
		1E0B9F151CE475850050DB7E /* VersionManager.m in Sources */ = {isa = PBXBuildFile; fileRef = 1E0B9E5E1CE475840050DB7E /* VersionManager.m */; };
		1E0B9F161CE475850050DB7E /* AEBaseViewController.m in Sources */ = {isa = PBXBuildFile; fileRef = 1E0B9E611CE475840050DB7E /* AEBaseViewController.m */; };
		1E0B9F171CE475850050DB7E /* AENavigationController.m in Sources */ = {isa = PBXBuildFile; fileRef = 1E0B9E631CE475840050DB7E /* AENavigationController.m */; };
		1E0B9F181CE475850050DB7E /* AETabBarController.m in Sources */ = {isa = PBXBuildFile; fileRef = 1E0B9E651CE475840050DB7E /* AETabBarController.m */; };
		1E0B9F191CE475850050DB7E /* AEWebViewController.m in Sources */ = {isa = PBXBuildFile; fileRef = 1E0B9E671CE475840050DB7E /* AEWebViewController.m */; };
		1E0B9F1A1CE475850050DB7E /* CommonLoginViewController.m in Sources */ = {isa = PBXBuildFile; fileRef = 1E0B9E691CE475840050DB7E /* CommonLoginViewController.m */; };
		1E0B9F1B1CE475850050DB7E /* CommonLoginViewController.xib in Resources */ = {isa = PBXBuildFile; fileRef = 1E0B9E6A1CE475840050DB7E /* CommonLoginViewController.xib */; };
		1E0B9F1C1CE475850050DB7E /* CommonShareViewController.m in Sources */ = {isa = PBXBuildFile; fileRef = 1E0B9E6C1CE475840050DB7E /* CommonShareViewController.m */; };
		1E0B9F1D1CE475850050DB7E /* CommonShareViewController.xib in Resources */ = {isa = PBXBuildFile; fileRef = 1E0B9E6D1CE475840050DB7E /* CommonShareViewController.xib */; };
		1E0B9F1E1CE475850050DB7E /* GuideViewController.m in Sources */ = {isa = PBXBuildFile; fileRef = 1E0B9E6F1CE475840050DB7E /* GuideViewController.m */; };
		1E0B9F1F1CE475850050DB7E /* GuideViewController.xib in Resources */ = {isa = PBXBuildFile; fileRef = 1E0B9E701CE475840050DB7E /* GuideViewController.xib */; };
		1E0B9F201CE475850050DB7E /* LoadingViewController.m in Sources */ = {isa = PBXBuildFile; fileRef = 1E0B9E731CE475840050DB7E /* LoadingViewController.m */; };
		1E0B9F211CE475850050DB7E /* LoadingViewController.xib in Resources */ = {isa = PBXBuildFile; fileRef = 1E0B9E741CE475840050DB7E /* LoadingViewController.xib */; };
		1E0B9F221CE475850050DB7E /* AUIPhotoBrowserViewController.m in Sources */ = {isa = PBXBuildFile; fileRef = 1E0B9E771CE475840050DB7E /* AUIPhotoBrowserViewController.m */; };
		1E0B9F231CE475850050DB7E /* MWPhoto+AUIExtension.m in Sources */ = {isa = PBXBuildFile; fileRef = 1E0B9E791CE475840050DB7E /* MWPhoto+AUIExtension.m */; };
		1E0B9F241CE475850050DB7E /* Localizable.strings in Resources */ = {isa = PBXBuildFile; fileRef = 1E0B9E7B1CE475840050DB7E /* Localizable.strings */; };
		1E0B9F251CE475850050DB7E /* MWCaptionView.m in Sources */ = {isa = PBXBuildFile; fileRef = 1E0B9E7E1CE475850050DB7E /* MWCaptionView.m */; };
		1E0B9F261CE475850050DB7E /* MWGridCell.m in Sources */ = {isa = PBXBuildFile; fileRef = 1E0B9E811CE475850050DB7E /* MWGridCell.m */; };
		1E0B9F271CE475850050DB7E /* MWGridViewController.m in Sources */ = {isa = PBXBuildFile; fileRef = 1E0B9E831CE475850050DB7E /* MWGridViewController.m */; };
		1E0B9F281CE475850050DB7E /* MWPhoto.m in Sources */ = {isa = PBXBuildFile; fileRef = 1E0B9E851CE475850050DB7E /* MWPhoto.m */; };
		1E0B9F291CE475850050DB7E /* MWPhotoBrowser.bundle in Resources */ = {isa = PBXBuildFile; fileRef = 1E0B9E861CE475850050DB7E /* MWPhotoBrowser.bundle */; };
		1E0B9F2A1CE475850050DB7E /* MWPhotoBrowser.m in Sources */ = {isa = PBXBuildFile; fileRef = 1E0B9E881CE475850050DB7E /* MWPhotoBrowser.m */; };
		1E0B9F2B1CE475850050DB7E /* MWTapDetectingImageView.m in Sources */ = {isa = PBXBuildFile; fileRef = 1E0B9E8C1CE475850050DB7E /* MWTapDetectingImageView.m */; };
		1E0B9F2C1CE475850050DB7E /* MWTapDetectingView.m in Sources */ = {isa = PBXBuildFile; fileRef = 1E0B9E8E1CE475850050DB7E /* MWTapDetectingView.m */; };
		1E0B9F2D1CE475850050DB7E /* MWZoomingScrollView.m in Sources */ = {isa = PBXBuildFile; fileRef = 1E0B9E901CE475850050DB7E /* MWZoomingScrollView.m */; };
		1E0B9F2E1CE475850050DB7E /* UIImage+MWPhotoBrowser.m in Sources */ = {isa = PBXBuildFile; fileRef = 1E0B9E921CE475850050DB7E /* UIImage+MWPhotoBrowser.m */; };
		1E0B9F2F1CE475850050DB7E /* AddressSelectTableViewCell.m in Sources */ = {isa = PBXBuildFile; fileRef = 1E0B9E961CE475850050DB7E /* AddressSelectTableViewCell.m */; };
		1E0B9F301CE475850050DB7E /* AddressSelectTableViewCell.xib in Resources */ = {isa = PBXBuildFile; fileRef = 1E0B9E971CE475850050DB7E /* AddressSelectTableViewCell.xib */; };
		1E0B9F311CE475850050DB7E /* AnimedBtn.m in Sources */ = {isa = PBXBuildFile; fileRef = 1E0B9E9A1CE475850050DB7E /* AnimedBtn.m */; };
		1E0B9F321CE475850050DB7E /* AUIBannerScrollView.m in Sources */ = {isa = PBXBuildFile; fileRef = 1E0B9E9C1CE475850050DB7E /* AUIBannerScrollView.m */; };
		1E0B9F331CE475850050DB7E /* AUIBannerScrollView.xib in Resources */ = {isa = PBXBuildFile; fileRef = 1E0B9E9D1CE475850050DB7E /* AUIBannerScrollView.xib */; };
		1E0B9F341CE475850050DB7E /* AUIFloorNavigationView.m in Sources */ = {isa = PBXBuildFile; fileRef = 1E0B9E9F1CE475850050DB7E /* AUIFloorNavigationView.m */; };
		1E0B9F351CE475850050DB7E /* AUIImageGridView.m in Sources */ = {isa = PBXBuildFile; fileRef = 1E0B9EA11CE475850050DB7E /* AUIImageGridView.m */; };
		1E0B9F361CE475850050DB7E /* AUIKeyboardAdhesiveView.m in Sources */ = {isa = PBXBuildFile; fileRef = 1E0B9EA31CE475850050DB7E /* AUIKeyboardAdhesiveView.m */; };
		1E0B9F371CE475850050DB7E /* AUILinearView.m in Sources */ = {isa = PBXBuildFile; fileRef = 1E0B9EA51CE475850050DB7E /* AUILinearView.m */; };
		1E0B9F381CE475850050DB7E /* AUINoticeView.m in Sources */ = {isa = PBXBuildFile; fileRef = 1E0B9EA71CE475850050DB7E /* AUINoticeView.m */; };
		1E0B9F391CE475850050DB7E /* AUINoticeView.xib in Resources */ = {isa = PBXBuildFile; fileRef = 1E0B9EA81CE475850050DB7E /* AUINoticeView.xib */; };
		1E0B9F3A1CE475850050DB7E /* AUIPickerView.m in Sources */ = {isa = PBXBuildFile; fileRef = 1E0B9EAA1CE475850050DB7E /* AUIPickerView.m */; };
		1E0B9F3B1CE475850050DB7E /* AUISegmentView.m in Sources */ = {isa = PBXBuildFile; fileRef = 1E0B9EAC1CE475850050DB7E /* AUISegmentView.m */; };
		1E0B9F3C1CE475850050DB7E /* AUIStackView.m in Sources */ = {isa = PBXBuildFile; fileRef = 1E0B9EAE1CE475850050DB7E /* AUIStackView.m */; };
		1E0B9F3D1CE475850050DB7E /* FiveStarsView.m in Sources */ = {isa = PBXBuildFile; fileRef = 1E0B9EB01CE475850050DB7E /* FiveStarsView.m */; };
		1E0B9F3E1CE475850050DB7E /* FlipView.m in Sources */ = {isa = PBXBuildFile; fileRef = 1E0B9EB31CE475850050DB7E /* FlipView.m */; };
		1E0B9F3F1CE475850050DB7E /* GActivityIndicatorView.m in Sources */ = {isa = PBXBuildFile; fileRef = 1E0B9EB51CE475850050DB7E /* GActivityIndicatorView.m */; };
		1E0B9F401CE475850050DB7E /* GAlertLoadingView.m in Sources */ = {isa = PBXBuildFile; fileRef = 1E0B9EB71CE475850050DB7E /* GAlertLoadingView.m */; };
		1E0B9F411CE475850050DB7E /* GConnectUselessView.m in Sources */ = {isa = PBXBuildFile; fileRef = 1E0B9EB91CE475850050DB7E /* GConnectUselessView.m */; };
		1E0B9F421CE475850050DB7E /* HeaderRefreshView.m in Sources */ = {isa = PBXBuildFile; fileRef = 1E0B9EBB1CE475850050DB7E /* HeaderRefreshView.m */; };
		1E0B9F431CE475850050DB7E /* HorizontalCalendarView.m in Sources */ = {isa = PBXBuildFile; fileRef = 1E0B9EBD1CE475850050DB7E /* HorizontalCalendarView.m */; };
		1E0B9F441CE475850050DB7E /* HorizontalCalendarView.xib in Resources */ = {isa = PBXBuildFile; fileRef = 1E0B9EBE1CE475850050DB7E /* HorizontalCalendarView.xib */; };
		1E0B9F451CE475850050DB7E /* iToast.m in Sources */ = {isa = PBXBuildFile; fileRef = 1E0B9EC01CE475850050DB7E /* iToast.m */; };
		1E0B9F461CE475850050DB7E /* KTCActionView.m in Sources */ = {isa = PBXBuildFile; fileRef = 1E0B9EC21CE475850050DB7E /* KTCActionView.m */; };
		1E0B9F471CE475850050DB7E /* KTCActionView.xib in Resources */ = {isa = PBXBuildFile; fileRef = 1E0B9EC31CE475850050DB7E /* KTCActionView.xib */; };
		1E0B9F481CE475850050DB7E /* KTCEmptyDataView.m in Sources */ = {isa = PBXBuildFile; fileRef = 1E0B9EC51CE475850050DB7E /* KTCEmptyDataView.m */; };
		1E0B9F491CE475850050DB7E /* MultiSelView.m in Sources */ = {isa = PBXBuildFile; fileRef = 1E0B9EC81CE475850050DB7E /* MultiSelView.m */; };
		1E0B9F4A1CE475850050DB7E /* MCPagerView.m in Sources */ = {isa = PBXBuildFile; fileRef = 1E0B9ECB1CE475850050DB7E /* MCPagerView.m */; };
		1E0B9F4B1CE475850050DB7E /* PlaceHolderTextView.m in Sources */ = {isa = PBXBuildFile; fileRef = 1E0B9ECD1CE475850050DB7E /* PlaceHolderTextView.m */; };
		1E0B9F4C1CE475850050DB7E /* RichPriceView.m in Sources */ = {isa = PBXBuildFile; fileRef = 1E0B9ECF1CE475850050DB7E /* RichPriceView.m */; };
		1E0B9F4D1CE475850050DB7E /* StepperView.m in Sources */ = {isa = PBXBuildFile; fileRef = 1E0B9ED31CE475850050DB7E /* StepperView.m */; };
		1E0B9F4E1CE475850050DB7E /* TiledImageView.m in Sources */ = {isa = PBXBuildFile; fileRef = 1E0B9ED51CE475850050DB7E /* TiledImageView.m */; };
		1E0B9F4F1CE475850050DB7E /* AlipaySDK.bundle in Resources */ = {isa = PBXBuildFile; fileRef = 1E0B9ED81CE475850050DB7E /* AlipaySDK.bundle */; };
		1E0B9F501CE475850050DB7E /* AlipaySDK.framework in Frameworks */ = {isa = PBXBuildFile; fileRef = 1E0B9ED91CE475850050DB7E /* AlipaySDK.framework */; };
		1E0B9F511CE475850050DB7E /* AlixPay.m in Sources */ = {isa = PBXBuildFile; fileRef = 1E0B9EDB1CE475850050DB7E /* AlixPay.m */; };
		1E0B9F521CE475850050DB7E /* AlixPayOrder.m in Sources */ = {isa = PBXBuildFile; fileRef = 1E0B9EDD1CE475850050DB7E /* AlixPayOrder.m */; };
		1E0B9F531CE475850050DB7E /* AlixPayResult.m in Sources */ = {isa = PBXBuildFile; fileRef = 1E0B9EDF1CE475850050DB7E /* AlixPayResult.m */; };
		1E0B9F541CE475850050DB7E /* BaiduMapAPI_Base.framework in Frameworks */ = {isa = PBXBuildFile; fileRef = 1E0B9EE11CE475850050DB7E /* BaiduMapAPI_Base.framework */; };
		1E0B9F551CE475850050DB7E /* BaiduMapAPI_Cloud.framework in Frameworks */ = {isa = PBXBuildFile; fileRef = 1E0B9EE21CE475850050DB7E /* BaiduMapAPI_Cloud.framework */; };
		1E0B9F561CE475850050DB7E /* BaiduMapAPI_Location.framework in Frameworks */ = {isa = PBXBuildFile; fileRef = 1E0B9EE31CE475850050DB7E /* BaiduMapAPI_Location.framework */; };
		1E0B9F571CE475850050DB7E /* BaiduMapAPI_Map.framework in Frameworks */ = {isa = PBXBuildFile; fileRef = 1E0B9EE41CE475850050DB7E /* BaiduMapAPI_Map.framework */; };
		1E0B9F581CE475850050DB7E /* BaiduMapAPI_Radar.framework in Frameworks */ = {isa = PBXBuildFile; fileRef = 1E0B9EE51CE475850050DB7E /* BaiduMapAPI_Radar.framework */; };
		1E0B9F591CE475850050DB7E /* BaiduMapAPI_Search.framework in Frameworks */ = {isa = PBXBuildFile; fileRef = 1E0B9EE61CE475850050DB7E /* BaiduMapAPI_Search.framework */; };
		1E0B9F5A1CE475850050DB7E /* BaiduMapAPI_Utils.framework in Frameworks */ = {isa = PBXBuildFile; fileRef = 1E0B9EE71CE475850050DB7E /* BaiduMapAPI_Utils.framework */; };
		1E0B9F5B1CE475850050DB7E /* mapapi.bundle in Resources */ = {isa = PBXBuildFile; fileRef = 1E0B9EE81CE475850050DB7E /* mapapi.bundle */; };
		1E0B9F5C1CE475850050DB7E /* libWeiboSDK.a in Frameworks */ = {isa = PBXBuildFile; fileRef = 1E0B9EEA1CE475850050DB7E /* libWeiboSDK.a */; };
		1E0B9F5D1CE475850050DB7E /* WeiboSDK.bundle in Resources */ = {isa = PBXBuildFile; fileRef = 1E0B9EF31CE475850050DB7E /* WeiboSDK.bundle */; };
		1E0B9F5E1CE475850050DB7E /* TencentOpenAPI.framework in Frameworks */ = {isa = PBXBuildFile; fileRef = 1E0B9EF71CE475850050DB7E /* TencentOpenAPI.framework */; };
		1E0B9F5F1CE475850050DB7E /* TencentOpenApi_IOS_Bundle.bundle in Resources */ = {isa = PBXBuildFile; fileRef = 1E0B9EF81CE475850050DB7E /* TencentOpenApi_IOS_Bundle.bundle */; };
		1E0B9F601CE475850050DB7E /* libWeChatSDK.a in Frameworks */ = {isa = PBXBuildFile; fileRef = 1E0B9EFA1CE475850050DB7E /* libWeChatSDK.a */; };
		1E0B9F611CE475850050DB7E /* read_me.txt in Resources */ = {isa = PBXBuildFile; fileRef = 1E0B9EFB1CE475850050DB7E /* read_me.txt */; };
		1E0B9F621CE475850050DB7E /* FirstViewController.m in Sources */ = {isa = PBXBuildFile; fileRef = 1E0B9F011CE475850050DB7E /* FirstViewController.m */; };
		1E0B9F631CE475850050DB7E /* FirstViewController.xib in Resources */ = {isa = PBXBuildFile; fileRef = 1E0B9F021CE475850050DB7E /* FirstViewController.xib */; };
		1E0B9F6A1CE476F50050DB7E /* WebImageLoadingService.m in Sources */ = {isa = PBXBuildFile; fileRef = 1E0B9F681CE476F50050DB7E /* WebImageLoadingService.m */; };
		1E3845301CEC63F8009709F3 /* AESegueModel.m in Sources */ = {isa = PBXBuildFile; fileRef = 1E38452F1CEC63F8009709F3 /* AESegueModel.m */; };
		1E3846AF1CEC7698009709F3 /* Settings.bundle in Resources */ = {isa = PBXBuildFile; fileRef = 1E3846AE1CEC7698009709F3 /* Settings.bundle */; };
		1E3846B71CEC76B4009709F3 /* ApplicationInfoManager.m in Sources */ = {isa = PBXBuildFile; fileRef = 1E3846B21CEC76B4009709F3 /* ApplicationInfoManager.m */; };
		1E3846B81CEC76B4009709F3 /* ApplicationServiceManager.m in Sources */ = {isa = PBXBuildFile; fileRef = 1E3846B41CEC76B4009709F3 /* ApplicationServiceManager.m */; };
		1E3846B91CEC76B4009709F3 /* ApplicationSettingManager.m in Sources */ = {isa = PBXBuildFile; fileRef = 1E3846B61CEC76B4009709F3 /* ApplicationSettingManager.m */; };
		1EAAC2941CD835D70005A4F7 /* main.m in Sources */ = {isa = PBXBuildFile; fileRef = 1EAAC2931CD835D70005A4F7 /* main.m */; };
		1EAAC2971CD835D70005A4F7 /* AppDelegate.m in Sources */ = {isa = PBXBuildFile; fileRef = 1EAAC2961CD835D70005A4F7 /* AppDelegate.m */; };
		1EAAC29F1CD835D70005A4F7 /* Assets.xcassets in Resources */ = {isa = PBXBuildFile; fileRef = 1EAAC29E1CD835D70005A4F7 /* Assets.xcassets */; };
		1EAAC4E01CD8AA000005A4F7 /* AEAssistant_Manager.framework in Frameworks */ = {isa = PBXBuildFile; fileRef = 1EAAC4D91CD8AA000005A4F7 /* AEAssistant_Manager.framework */; };
		1EAAC4E11CD8AA000005A4F7 /* AEAssistant_Model.framework in Frameworks */ = {isa = PBXBuildFile; fileRef = 1EAAC4DA1CD8AA000005A4F7 /* AEAssistant_Model.framework */; };
		1EAAC4E21CD8AA000005A4F7 /* AEAssistant_Network.framework in Frameworks */ = {isa = PBXBuildFile; fileRef = 1EAAC4DB1CD8AA000005A4F7 /* AEAssistant_Network.framework */; };
		1EAAC4E31CD8AA000005A4F7 /* AEAssistant_ThirdParty.framework in Frameworks */ = {isa = PBXBuildFile; fileRef = 1EAAC4DC1CD8AA000005A4F7 /* AEAssistant_ThirdParty.framework */; };
		1EAAC4E41CD8AA000005A4F7 /* AEAssistant_ToolBox.framework in Frameworks */ = {isa = PBXBuildFile; fileRef = 1EAAC4DD1CD8AA000005A4F7 /* AEAssistant_ToolBox.framework */; };
		1EAAC4E51CD8AA000005A4F7 /* AEAssistant.framework in Frameworks */ = {isa = PBXBuildFile; fileRef = 1EAAC4DE1CD8AA000005A4F7 /* AEAssistant.framework */; };
		1EAAC4E71CD8AA630005A4F7 /* libz.1.2.5.tbd in Frameworks */ = {isa = PBXBuildFile; fileRef = 1EAAC4E61CD8AA630005A4F7 /* libz.1.2.5.tbd */; };
		1EAAC5B41CD986EA0005A4F7 /* libsqlite3.0.tbd in Frameworks */ = {isa = PBXBuildFile; fileRef = 1EAAC5B31CD986EA0005A4F7 /* libsqlite3.0.tbd */; };
		1EAAC5B81CD987050005A4F7 /* libstdc++.6.0.9.tbd in Frameworks */ = {isa = PBXBuildFile; fileRef = 1EAAC5B71CD987050005A4F7 /* libstdc++.6.0.9.tbd */; };
		1EAAC5BA1CD9871F0005A4F7 /* CoreMotion.framework in Frameworks */ = {isa = PBXBuildFile; fileRef = 1EAAC5B91CD9871F0005A4F7 /* CoreMotion.framework */; };
		1EAAC5C11CD98A610005A4F7 /* AEAssistant_Category.framework in Frameworks */ = {isa = PBXBuildFile; fileRef = 1EAAC5C01CD98A610005A4F7 /* AEAssistant_Category.framework */; };
/* End PBXBuildFile section */

/* Begin PBXFileReference section */
		1E0B9E301CE475840050DB7E /* AdditionalTabBarItemManager.h */ = {isa = PBXFileReference; fileEncoding = 4; lastKnownFileType = sourcecode.c.h; path = AdditionalTabBarItemManager.h; sourceTree = "<group>"; };
		1E0B9E311CE475840050DB7E /* AdditionalTabBarItemManager.m */ = {isa = PBXFileReference; fileEncoding = 4; lastKnownFileType = sourcecode.c.objc; path = AdditionalTabBarItemManager.m; sourceTree = "<group>"; };
		1E0B9E391CE475840050DB7E /* ThirdPartyLoginService.h */ = {isa = PBXFileReference; fileEncoding = 4; lastKnownFileType = sourcecode.c.h; path = ThirdPartyLoginService.h; sourceTree = "<group>"; };
		1E0B9E3A1CE475840050DB7E /* ThirdPartyLoginService.m */ = {isa = PBXFileReference; fileEncoding = 4; lastKnownFileType = sourcecode.c.objc; path = ThirdPartyLoginService.m; sourceTree = "<group>"; };
		1E0B9E3C1CE475840050DB7E /* AlipayManager.h */ = {isa = PBXFileReference; fileEncoding = 4; lastKnownFileType = sourcecode.c.h; path = AlipayManager.h; sourceTree = "<group>"; };
		1E0B9E3D1CE475840050DB7E /* AlipayManager.m */ = {isa = PBXFileReference; fileEncoding = 4; lastKnownFileType = sourcecode.c.objc; path = AlipayManager.m; sourceTree = "<group>"; };
		1E0B9E3E1CE475840050DB7E /* KTCPaymentInfo.h */ = {isa = PBXFileReference; fileEncoding = 4; lastKnownFileType = sourcecode.c.h; path = KTCPaymentInfo.h; sourceTree = "<group>"; };
		1E0B9E3F1CE475840050DB7E /* KTCPaymentInfo.m */ = {isa = PBXFileReference; fileEncoding = 4; lastKnownFileType = sourcecode.c.objc; path = KTCPaymentInfo.m; sourceTree = "<group>"; };
		1E0B9E401CE475840050DB7E /* KTCPaymentService.h */ = {isa = PBXFileReference; fileEncoding = 4; lastKnownFileType = sourcecode.c.h; path = KTCPaymentService.h; sourceTree = "<group>"; };
		1E0B9E411CE475840050DB7E /* KTCPaymentService.m */ = {isa = PBXFileReference; fileEncoding = 4; lastKnownFileType = sourcecode.c.objc; path = KTCPaymentService.m; sourceTree = "<group>"; };
		1E0B9E431CE475840050DB7E /* AEPushNotificationService.h */ = {isa = PBXFileReference; fileEncoding = 4; lastKnownFileType = sourcecode.c.h; path = AEPushNotificationService.h; sourceTree = "<group>"; };
		1E0B9E441CE475840050DB7E /* AEPushNotificationService.m */ = {isa = PBXFileReference; fileEncoding = 4; lastKnownFileType = sourcecode.c.objc; path = AEPushNotificationService.m; sourceTree = "<group>"; };
		1E0B9E451CE475840050DB7E /* PushNotificationModel.h */ = {isa = PBXFileReference; fileEncoding = 4; lastKnownFileType = sourcecode.c.h; path = PushNotificationModel.h; sourceTree = "<group>"; };
		1E0B9E461CE475840050DB7E /* PushNotificationModel.m */ = {isa = PBXFileReference; fileEncoding = 4; lastKnownFileType = sourcecode.c.objc; path = PushNotificationModel.m; sourceTree = "<group>"; };
		1E0B9E481CE475840050DB7E /* AESegueMaster.h */ = {isa = PBXFileReference; fileEncoding = 4; lastKnownFileType = sourcecode.c.h; path = AESegueMaster.h; sourceTree = "<group>"; };
		1E0B9E491CE475840050DB7E /* AESegueMaster.m */ = {isa = PBXFileReference; fileEncoding = 4; lastKnownFileType = sourcecode.c.objc; path = AESegueMaster.m; sourceTree = "<group>"; };
		1E0B9E4C1CE475840050DB7E /* TextSegueModel.h */ = {isa = PBXFileReference; fileEncoding = 4; lastKnownFileType = sourcecode.c.h; path = TextSegueModel.h; sourceTree = "<group>"; };
		1E0B9E4D1CE475840050DB7E /* TextSegueModel.m */ = {isa = PBXFileReference; fileEncoding = 4; lastKnownFileType = sourcecode.c.objc; path = TextSegueModel.m; sourceTree = "<group>"; };
		1E0B9E4F1CE475840050DB7E /* CommonShareObject.h */ = {isa = PBXFileReference; fileEncoding = 4; lastKnownFileType = sourcecode.c.h; path = CommonShareObject.h; sourceTree = "<group>"; };
		1E0B9E501CE475840050DB7E /* CommonShareObject.m */ = {isa = PBXFileReference; fileEncoding = 4; lastKnownFileType = sourcecode.c.objc; path = CommonShareObject.m; sourceTree = "<group>"; };
		1E0B9E511CE475840050DB7E /* CommonShareService.h */ = {isa = PBXFileReference; fileEncoding = 4; lastKnownFileType = sourcecode.c.h; path = CommonShareService.h; sourceTree = "<group>"; };
		1E0B9E521CE475840050DB7E /* CommonShareService.m */ = {isa = PBXFileReference; fileEncoding = 4; lastKnownFileType = sourcecode.c.objc; path = CommonShareService.m; sourceTree = "<group>"; };
		1E0B9E531CE475840050DB7E /* KTCShareService.h */ = {isa = PBXFileReference; fileEncoding = 4; lastKnownFileType = sourcecode.c.h; path = KTCShareService.h; sourceTree = "<group>"; };
		1E0B9E541CE475840050DB7E /* KTCShareService.m */ = {isa = PBXFileReference; fileEncoding = 4; lastKnownFileType = sourcecode.c.objc; path = KTCShareService.m; sourceTree = "<group>"; };
		1E0B9E561CE475840050DB7E /* TencentManager.h */ = {isa = PBXFileReference; fileEncoding = 4; lastKnownFileType = sourcecode.c.h; path = TencentManager.h; sourceTree = "<group>"; };
		1E0B9E571CE475840050DB7E /* TencentManager.m */ = {isa = PBXFileReference; fileEncoding = 4; lastKnownFileType = sourcecode.c.objc; path = TencentManager.m; sourceTree = "<group>"; };
		1E0B9E581CE475840050DB7E /* WeChatManager.h */ = {isa = PBXFileReference; fileEncoding = 4; lastKnownFileType = sourcecode.c.h; path = WeChatManager.h; sourceTree = "<group>"; };
		1E0B9E591CE475840050DB7E /* WeChatManager.m */ = {isa = PBXFileReference; fileEncoding = 4; lastKnownFileType = sourcecode.c.objc; path = WeChatManager.m; sourceTree = "<group>"; };
		1E0B9E5A1CE475840050DB7E /* WeiboManager.h */ = {isa = PBXFileReference; fileEncoding = 4; lastKnownFileType = sourcecode.c.h; path = WeiboManager.h; sourceTree = "<group>"; };
		1E0B9E5B1CE475840050DB7E /* WeiboManager.m */ = {isa = PBXFileReference; fileEncoding = 4; lastKnownFileType = sourcecode.c.objc; path = WeiboManager.m; sourceTree = "<group>"; };
		1E0B9E5D1CE475840050DB7E /* VersionManager.h */ = {isa = PBXFileReference; fileEncoding = 4; lastKnownFileType = sourcecode.c.h; path = VersionManager.h; sourceTree = "<group>"; };
		1E0B9E5E1CE475840050DB7E /* VersionManager.m */ = {isa = PBXFileReference; fileEncoding = 4; lastKnownFileType = sourcecode.c.objc; path = VersionManager.m; sourceTree = "<group>"; };
		1E0B9E601CE475840050DB7E /* AEBaseViewController.h */ = {isa = PBXFileReference; fileEncoding = 4; lastKnownFileType = sourcecode.c.h; path = AEBaseViewController.h; sourceTree = "<group>"; };
		1E0B9E611CE475840050DB7E /* AEBaseViewController.m */ = {isa = PBXFileReference; fileEncoding = 4; lastKnownFileType = sourcecode.c.objc; path = AEBaseViewController.m; sourceTree = "<group>"; };
		1E0B9E621CE475840050DB7E /* AENavigationController.h */ = {isa = PBXFileReference; fileEncoding = 4; lastKnownFileType = sourcecode.c.h; path = AENavigationController.h; sourceTree = "<group>"; };
		1E0B9E631CE475840050DB7E /* AENavigationController.m */ = {isa = PBXFileReference; fileEncoding = 4; lastKnownFileType = sourcecode.c.objc; path = AENavigationController.m; sourceTree = "<group>"; };
		1E0B9E641CE475840050DB7E /* AETabBarController.h */ = {isa = PBXFileReference; fileEncoding = 4; lastKnownFileType = sourcecode.c.h; path = AETabBarController.h; sourceTree = "<group>"; };
		1E0B9E651CE475840050DB7E /* AETabBarController.m */ = {isa = PBXFileReference; fileEncoding = 4; lastKnownFileType = sourcecode.c.objc; path = AETabBarController.m; sourceTree = "<group>"; };
		1E0B9E661CE475840050DB7E /* AEWebViewController.h */ = {isa = PBXFileReference; fileEncoding = 4; lastKnownFileType = sourcecode.c.h; path = AEWebViewController.h; sourceTree = "<group>"; };
		1E0B9E671CE475840050DB7E /* AEWebViewController.m */ = {isa = PBXFileReference; fileEncoding = 4; lastKnownFileType = sourcecode.c.objc; path = AEWebViewController.m; sourceTree = "<group>"; };
		1E0B9E681CE475840050DB7E /* CommonLoginViewController.h */ = {isa = PBXFileReference; fileEncoding = 4; lastKnownFileType = sourcecode.c.h; path = CommonLoginViewController.h; sourceTree = "<group>"; };
		1E0B9E691CE475840050DB7E /* CommonLoginViewController.m */ = {isa = PBXFileReference; fileEncoding = 4; lastKnownFileType = sourcecode.c.objc; path = CommonLoginViewController.m; sourceTree = "<group>"; };
		1E0B9E6A1CE475840050DB7E /* CommonLoginViewController.xib */ = {isa = PBXFileReference; fileEncoding = 4; lastKnownFileType = file.xib; path = CommonLoginViewController.xib; sourceTree = "<group>"; };
		1E0B9E6B1CE475840050DB7E /* CommonShareViewController.h */ = {isa = PBXFileReference; fileEncoding = 4; lastKnownFileType = sourcecode.c.h; path = CommonShareViewController.h; sourceTree = "<group>"; };
		1E0B9E6C1CE475840050DB7E /* CommonShareViewController.m */ = {isa = PBXFileReference; fileEncoding = 4; lastKnownFileType = sourcecode.c.objc; path = CommonShareViewController.m; sourceTree = "<group>"; };
		1E0B9E6D1CE475840050DB7E /* CommonShareViewController.xib */ = {isa = PBXFileReference; fileEncoding = 4; lastKnownFileType = file.xib; path = CommonShareViewController.xib; sourceTree = "<group>"; };
		1E0B9E6E1CE475840050DB7E /* GuideViewController.h */ = {isa = PBXFileReference; fileEncoding = 4; lastKnownFileType = sourcecode.c.h; path = GuideViewController.h; sourceTree = "<group>"; };
		1E0B9E6F1CE475840050DB7E /* GuideViewController.m */ = {isa = PBXFileReference; fileEncoding = 4; lastKnownFileType = sourcecode.c.objc; path = GuideViewController.m; sourceTree = "<group>"; };
		1E0B9E701CE475840050DB7E /* GuideViewController.xib */ = {isa = PBXFileReference; fileEncoding = 4; lastKnownFileType = file.xib; path = GuideViewController.xib; sourceTree = "<group>"; };
		1E0B9E721CE475840050DB7E /* LoadingViewController.h */ = {isa = PBXFileReference; fileEncoding = 4; lastKnownFileType = sourcecode.c.h; path = LoadingViewController.h; sourceTree = "<group>"; };
		1E0B9E731CE475840050DB7E /* LoadingViewController.m */ = {isa = PBXFileReference; fileEncoding = 4; lastKnownFileType = sourcecode.c.objc; path = LoadingViewController.m; sourceTree = "<group>"; };
		1E0B9E741CE475840050DB7E /* LoadingViewController.xib */ = {isa = PBXFileReference; fileEncoding = 4; lastKnownFileType = file.xib; path = LoadingViewController.xib; sourceTree = "<group>"; };
		1E0B9E761CE475840050DB7E /* AUIPhotoBrowserViewController.h */ = {isa = PBXFileReference; fileEncoding = 4; lastKnownFileType = sourcecode.c.h; path = AUIPhotoBrowserViewController.h; sourceTree = "<group>"; };
		1E0B9E771CE475840050DB7E /* AUIPhotoBrowserViewController.m */ = {isa = PBXFileReference; fileEncoding = 4; lastKnownFileType = sourcecode.c.objc; path = AUIPhotoBrowserViewController.m; sourceTree = "<group>"; };
		1E0B9E781CE475840050DB7E /* MWPhoto+AUIExtension.h */ = {isa = PBXFileReference; fileEncoding = 4; lastKnownFileType = sourcecode.c.h; path = "MWPhoto+AUIExtension.h"; sourceTree = "<group>"; };
		1E0B9E791CE475840050DB7E /* MWPhoto+AUIExtension.m */ = {isa = PBXFileReference; fileEncoding = 4; lastKnownFileType = sourcecode.c.objc; path = "MWPhoto+AUIExtension.m"; sourceTree = "<group>"; };
		1E0B9E7C1CE475840050DB7E /* en */ = {isa = PBXFileReference; lastKnownFileType = text.plist.strings; name = en; path = en.lproj/Localizable.strings; sourceTree = "<group>"; };
		1E0B9E7D1CE475850050DB7E /* MWCaptionView.h */ = {isa = PBXFileReference; fileEncoding = 4; lastKnownFileType = sourcecode.c.h; path = MWCaptionView.h; sourceTree = "<group>"; };
		1E0B9E7E1CE475850050DB7E /* MWCaptionView.m */ = {isa = PBXFileReference; fileEncoding = 4; lastKnownFileType = sourcecode.c.objc; path = MWCaptionView.m; sourceTree = "<group>"; };
		1E0B9E7F1CE475850050DB7E /* MWCommon.h */ = {isa = PBXFileReference; fileEncoding = 4; lastKnownFileType = sourcecode.c.h; path = MWCommon.h; sourceTree = "<group>"; };
		1E0B9E801CE475850050DB7E /* MWGridCell.h */ = {isa = PBXFileReference; fileEncoding = 4; lastKnownFileType = sourcecode.c.h; path = MWGridCell.h; sourceTree = "<group>"; };
		1E0B9E811CE475850050DB7E /* MWGridCell.m */ = {isa = PBXFileReference; fileEncoding = 4; lastKnownFileType = sourcecode.c.objc; path = MWGridCell.m; sourceTree = "<group>"; };
		1E0B9E821CE475850050DB7E /* MWGridViewController.h */ = {isa = PBXFileReference; fileEncoding = 4; lastKnownFileType = sourcecode.c.h; path = MWGridViewController.h; sourceTree = "<group>"; };
		1E0B9E831CE475850050DB7E /* MWGridViewController.m */ = {isa = PBXFileReference; fileEncoding = 4; lastKnownFileType = sourcecode.c.objc; path = MWGridViewController.m; sourceTree = "<group>"; };
		1E0B9E841CE475850050DB7E /* MWPhoto.h */ = {isa = PBXFileReference; fileEncoding = 4; lastKnownFileType = sourcecode.c.h; path = MWPhoto.h; sourceTree = "<group>"; };
		1E0B9E851CE475850050DB7E /* MWPhoto.m */ = {isa = PBXFileReference; fileEncoding = 4; lastKnownFileType = sourcecode.c.objc; path = MWPhoto.m; sourceTree = "<group>"; };
		1E0B9E861CE475850050DB7E /* MWPhotoBrowser.bundle */ = {isa = PBXFileReference; lastKnownFileType = "wrapper.plug-in"; path = MWPhotoBrowser.bundle; sourceTree = "<group>"; };
		1E0B9E871CE475850050DB7E /* MWPhotoBrowser.h */ = {isa = PBXFileReference; fileEncoding = 4; lastKnownFileType = sourcecode.c.h; path = MWPhotoBrowser.h; sourceTree = "<group>"; };
		1E0B9E881CE475850050DB7E /* MWPhotoBrowser.m */ = {isa = PBXFileReference; fileEncoding = 4; lastKnownFileType = sourcecode.c.objc; path = MWPhotoBrowser.m; sourceTree = "<group>"; };
		1E0B9E891CE475850050DB7E /* MWPhotoBrowserPrivate.h */ = {isa = PBXFileReference; fileEncoding = 4; lastKnownFileType = sourcecode.c.h; path = MWPhotoBrowserPrivate.h; sourceTree = "<group>"; };
		1E0B9E8A1CE475850050DB7E /* MWPhotoProtocol.h */ = {isa = PBXFileReference; fileEncoding = 4; lastKnownFileType = sourcecode.c.h; path = MWPhotoProtocol.h; sourceTree = "<group>"; };
		1E0B9E8B1CE475850050DB7E /* MWTapDetectingImageView.h */ = {isa = PBXFileReference; fileEncoding = 4; lastKnownFileType = sourcecode.c.h; path = MWTapDetectingImageView.h; sourceTree = "<group>"; };
		1E0B9E8C1CE475850050DB7E /* MWTapDetectingImageView.m */ = {isa = PBXFileReference; fileEncoding = 4; lastKnownFileType = sourcecode.c.objc; path = MWTapDetectingImageView.m; sourceTree = "<group>"; };
		1E0B9E8D1CE475850050DB7E /* MWTapDetectingView.h */ = {isa = PBXFileReference; fileEncoding = 4; lastKnownFileType = sourcecode.c.h; path = MWTapDetectingView.h; sourceTree = "<group>"; };
		1E0B9E8E1CE475850050DB7E /* MWTapDetectingView.m */ = {isa = PBXFileReference; fileEncoding = 4; lastKnownFileType = sourcecode.c.objc; path = MWTapDetectingView.m; sourceTree = "<group>"; };
		1E0B9E8F1CE475850050DB7E /* MWZoomingScrollView.h */ = {isa = PBXFileReference; fileEncoding = 4; lastKnownFileType = sourcecode.c.h; path = MWZoomingScrollView.h; sourceTree = "<group>"; };
		1E0B9E901CE475850050DB7E /* MWZoomingScrollView.m */ = {isa = PBXFileReference; fileEncoding = 4; lastKnownFileType = sourcecode.c.objc; path = MWZoomingScrollView.m; sourceTree = "<group>"; };
		1E0B9E911CE475850050DB7E /* UIImage+MWPhotoBrowser.h */ = {isa = PBXFileReference; fileEncoding = 4; lastKnownFileType = sourcecode.c.h; path = "UIImage+MWPhotoBrowser.h"; sourceTree = "<group>"; };
		1E0B9E921CE475850050DB7E /* UIImage+MWPhotoBrowser.m */ = {isa = PBXFileReference; fileEncoding = 4; lastKnownFileType = sourcecode.c.objc; path = "UIImage+MWPhotoBrowser.m"; sourceTree = "<group>"; };
		1E0B9E931CE475850050DB7E /* zh-Hans */ = {isa = PBXFileReference; lastKnownFileType = text.plist.strings; name = "zh-Hans"; path = "zh-Hans.lproj/Localizable.strings"; sourceTree = "<group>"; };
		1E0B9E951CE475850050DB7E /* AddressSelectTableViewCell.h */ = {isa = PBXFileReference; fileEncoding = 4; lastKnownFileType = sourcecode.c.h; path = AddressSelectTableViewCell.h; sourceTree = "<group>"; };
		1E0B9E961CE475850050DB7E /* AddressSelectTableViewCell.m */ = {isa = PBXFileReference; fileEncoding = 4; lastKnownFileType = sourcecode.c.objc; path = AddressSelectTableViewCell.m; sourceTree = "<group>"; };
		1E0B9E971CE475850050DB7E /* AddressSelectTableViewCell.xib */ = {isa = PBXFileReference; fileEncoding = 4; lastKnownFileType = file.xib; path = AddressSelectTableViewCell.xib; sourceTree = "<group>"; };
		1E0B9E991CE475850050DB7E /* AnimedBtn.h */ = {isa = PBXFileReference; fileEncoding = 4; lastKnownFileType = sourcecode.c.h; path = AnimedBtn.h; sourceTree = "<group>"; };
		1E0B9E9A1CE475850050DB7E /* AnimedBtn.m */ = {isa = PBXFileReference; fileEncoding = 4; lastKnownFileType = sourcecode.c.objc; path = AnimedBtn.m; sourceTree = "<group>"; };
		1E0B9E9B1CE475850050DB7E /* AUIBannerScrollView.h */ = {isa = PBXFileReference; fileEncoding = 4; lastKnownFileType = sourcecode.c.h; path = AUIBannerScrollView.h; sourceTree = "<group>"; };
		1E0B9E9C1CE475850050DB7E /* AUIBannerScrollView.m */ = {isa = PBXFileReference; fileEncoding = 4; lastKnownFileType = sourcecode.c.objc; path = AUIBannerScrollView.m; sourceTree = "<group>"; };
		1E0B9E9D1CE475850050DB7E /* AUIBannerScrollView.xib */ = {isa = PBXFileReference; fileEncoding = 4; lastKnownFileType = file.xib; path = AUIBannerScrollView.xib; sourceTree = "<group>"; };
		1E0B9E9E1CE475850050DB7E /* AUIFloorNavigationView.h */ = {isa = PBXFileReference; fileEncoding = 4; lastKnownFileType = sourcecode.c.h; path = AUIFloorNavigationView.h; sourceTree = "<group>"; };
		1E0B9E9F1CE475850050DB7E /* AUIFloorNavigationView.m */ = {isa = PBXFileReference; fileEncoding = 4; lastKnownFileType = sourcecode.c.objc; path = AUIFloorNavigationView.m; sourceTree = "<group>"; };
		1E0B9EA01CE475850050DB7E /* AUIImageGridView.h */ = {isa = PBXFileReference; fileEncoding = 4; lastKnownFileType = sourcecode.c.h; path = AUIImageGridView.h; sourceTree = "<group>"; };
		1E0B9EA11CE475850050DB7E /* AUIImageGridView.m */ = {isa = PBXFileReference; fileEncoding = 4; lastKnownFileType = sourcecode.c.objc; path = AUIImageGridView.m; sourceTree = "<group>"; };
		1E0B9EA21CE475850050DB7E /* AUIKeyboardAdhesiveView.h */ = {isa = PBXFileReference; fileEncoding = 4; lastKnownFileType = sourcecode.c.h; path = AUIKeyboardAdhesiveView.h; sourceTree = "<group>"; };
		1E0B9EA31CE475850050DB7E /* AUIKeyboardAdhesiveView.m */ = {isa = PBXFileReference; fileEncoding = 4; lastKnownFileType = sourcecode.c.objc; path = AUIKeyboardAdhesiveView.m; sourceTree = "<group>"; };
		1E0B9EA41CE475850050DB7E /* AUILinearView.h */ = {isa = PBXFileReference; fileEncoding = 4; lastKnownFileType = sourcecode.c.h; path = AUILinearView.h; sourceTree = "<group>"; };
		1E0B9EA51CE475850050DB7E /* AUILinearView.m */ = {isa = PBXFileReference; fileEncoding = 4; lastKnownFileType = sourcecode.c.objc; path = AUILinearView.m; sourceTree = "<group>"; };
		1E0B9EA61CE475850050DB7E /* AUINoticeView.h */ = {isa = PBXFileReference; fileEncoding = 4; lastKnownFileType = sourcecode.c.h; path = AUINoticeView.h; sourceTree = "<group>"; };
		1E0B9EA71CE475850050DB7E /* AUINoticeView.m */ = {isa = PBXFileReference; fileEncoding = 4; lastKnownFileType = sourcecode.c.objc; path = AUINoticeView.m; sourceTree = "<group>"; };
		1E0B9EA81CE475850050DB7E /* AUINoticeView.xib */ = {isa = PBXFileReference; fileEncoding = 4; lastKnownFileType = file.xib; path = AUINoticeView.xib; sourceTree = "<group>"; };
		1E0B9EA91CE475850050DB7E /* AUIPickerView.h */ = {isa = PBXFileReference; fileEncoding = 4; lastKnownFileType = sourcecode.c.h; path = AUIPickerView.h; sourceTree = "<group>"; };
		1E0B9EAA1CE475850050DB7E /* AUIPickerView.m */ = {isa = PBXFileReference; fileEncoding = 4; lastKnownFileType = sourcecode.c.objc; path = AUIPickerView.m; sourceTree = "<group>"; };
		1E0B9EAB1CE475850050DB7E /* AUISegmentView.h */ = {isa = PBXFileReference; fileEncoding = 4; lastKnownFileType = sourcecode.c.h; path = AUISegmentView.h; sourceTree = "<group>"; };
		1E0B9EAC1CE475850050DB7E /* AUISegmentView.m */ = {isa = PBXFileReference; fileEncoding = 4; lastKnownFileType = sourcecode.c.objc; path = AUISegmentView.m; sourceTree = "<group>"; };
		1E0B9EAD1CE475850050DB7E /* AUIStackView.h */ = {isa = PBXFileReference; fileEncoding = 4; lastKnownFileType = sourcecode.c.h; path = AUIStackView.h; sourceTree = "<group>"; };
		1E0B9EAE1CE475850050DB7E /* AUIStackView.m */ = {isa = PBXFileReference; fileEncoding = 4; lastKnownFileType = sourcecode.c.objc; path = AUIStackView.m; sourceTree = "<group>"; };
		1E0B9EAF1CE475850050DB7E /* FiveStarsView.h */ = {isa = PBXFileReference; fileEncoding = 4; lastKnownFileType = sourcecode.c.h; path = FiveStarsView.h; sourceTree = "<group>"; };
		1E0B9EB01CE475850050DB7E /* FiveStarsView.m */ = {isa = PBXFileReference; fileEncoding = 4; lastKnownFileType = sourcecode.c.objc; path = FiveStarsView.m; sourceTree = "<group>"; };
		1E0B9EB21CE475850050DB7E /* FlipView.h */ = {isa = PBXFileReference; fileEncoding = 4; lastKnownFileType = sourcecode.c.h; path = FlipView.h; sourceTree = "<group>"; };
		1E0B9EB31CE475850050DB7E /* FlipView.m */ = {isa = PBXFileReference; fileEncoding = 4; lastKnownFileType = sourcecode.c.objc; path = FlipView.m; sourceTree = "<group>"; };
		1E0B9EB41CE475850050DB7E /* GActivityIndicatorView.h */ = {isa = PBXFileReference; fileEncoding = 4; lastKnownFileType = sourcecode.c.h; path = GActivityIndicatorView.h; sourceTree = "<group>"; };
		1E0B9EB51CE475850050DB7E /* GActivityIndicatorView.m */ = {isa = PBXFileReference; fileEncoding = 4; lastKnownFileType = sourcecode.c.objc; path = GActivityIndicatorView.m; sourceTree = "<group>"; };
		1E0B9EB61CE475850050DB7E /* GAlertLoadingView.h */ = {isa = PBXFileReference; fileEncoding = 4; lastKnownFileType = sourcecode.c.h; path = GAlertLoadingView.h; sourceTree = "<group>"; };
		1E0B9EB71CE475850050DB7E /* GAlertLoadingView.m */ = {isa = PBXFileReference; fileEncoding = 4; lastKnownFileType = sourcecode.c.objc; path = GAlertLoadingView.m; sourceTree = "<group>"; };
		1E0B9EB81CE475850050DB7E /* GConnectUselessView.h */ = {isa = PBXFileReference; fileEncoding = 4; lastKnownFileType = sourcecode.c.h; path = GConnectUselessView.h; sourceTree = "<group>"; };
		1E0B9EB91CE475850050DB7E /* GConnectUselessView.m */ = {isa = PBXFileReference; fileEncoding = 4; lastKnownFileType = sourcecode.c.objc; path = GConnectUselessView.m; sourceTree = "<group>"; };
		1E0B9EBA1CE475850050DB7E /* HeaderRefreshView.h */ = {isa = PBXFileReference; fileEncoding = 4; lastKnownFileType = sourcecode.c.h; path = HeaderRefreshView.h; sourceTree = "<group>"; };
		1E0B9EBB1CE475850050DB7E /* HeaderRefreshView.m */ = {isa = PBXFileReference; fileEncoding = 4; lastKnownFileType = sourcecode.c.objc; path = HeaderRefreshView.m; sourceTree = "<group>"; };
		1E0B9EBC1CE475850050DB7E /* HorizontalCalendarView.h */ = {isa = PBXFileReference; fileEncoding = 4; lastKnownFileType = sourcecode.c.h; path = HorizontalCalendarView.h; sourceTree = "<group>"; };
		1E0B9EBD1CE475850050DB7E /* HorizontalCalendarView.m */ = {isa = PBXFileReference; fileEncoding = 4; lastKnownFileType = sourcecode.c.objc; path = HorizontalCalendarView.m; sourceTree = "<group>"; };
		1E0B9EBE1CE475850050DB7E /* HorizontalCalendarView.xib */ = {isa = PBXFileReference; fileEncoding = 4; lastKnownFileType = file.xib; path = HorizontalCalendarView.xib; sourceTree = "<group>"; };
		1E0B9EBF1CE475850050DB7E /* iToast.h */ = {isa = PBXFileReference; fileEncoding = 4; lastKnownFileType = sourcecode.c.h; path = iToast.h; sourceTree = "<group>"; };
		1E0B9EC01CE475850050DB7E /* iToast.m */ = {isa = PBXFileReference; fileEncoding = 4; lastKnownFileType = sourcecode.c.objc; path = iToast.m; sourceTree = "<group>"; };
		1E0B9EC11CE475850050DB7E /* KTCActionView.h */ = {isa = PBXFileReference; fileEncoding = 4; lastKnownFileType = sourcecode.c.h; path = KTCActionView.h; sourceTree = "<group>"; };
		1E0B9EC21CE475850050DB7E /* KTCActionView.m */ = {isa = PBXFileReference; fileEncoding = 4; lastKnownFileType = sourcecode.c.objc; path = KTCActionView.m; sourceTree = "<group>"; };
		1E0B9EC31CE475850050DB7E /* KTCActionView.xib */ = {isa = PBXFileReference; fileEncoding = 4; lastKnownFileType = file.xib; path = KTCActionView.xib; sourceTree = "<group>"; };
		1E0B9EC41CE475850050DB7E /* KTCEmptyDataView.h */ = {isa = PBXFileReference; fileEncoding = 4; lastKnownFileType = sourcecode.c.h; path = KTCEmptyDataView.h; sourceTree = "<group>"; };
		1E0B9EC51CE475850050DB7E /* KTCEmptyDataView.m */ = {isa = PBXFileReference; fileEncoding = 4; lastKnownFileType = sourcecode.c.objc; path = KTCEmptyDataView.m; sourceTree = "<group>"; };
		1E0B9EC71CE475850050DB7E /* MultiSelView.h */ = {isa = PBXFileReference; fileEncoding = 4; lastKnownFileType = sourcecode.c.h; path = MultiSelView.h; sourceTree = "<group>"; };
		1E0B9EC81CE475850050DB7E /* MultiSelView.m */ = {isa = PBXFileReference; fileEncoding = 4; lastKnownFileType = sourcecode.c.objc; path = MultiSelView.m; sourceTree = "<group>"; };
		1E0B9ECA1CE475850050DB7E /* MCPagerView.h */ = {isa = PBXFileReference; fileEncoding = 4; lastKnownFileType = sourcecode.c.h; path = MCPagerView.h; sourceTree = "<group>"; };
		1E0B9ECB1CE475850050DB7E /* MCPagerView.m */ = {isa = PBXFileReference; fileEncoding = 4; lastKnownFileType = sourcecode.c.objc; path = MCPagerView.m; sourceTree = "<group>"; };
		1E0B9ECC1CE475850050DB7E /* PlaceHolderTextView.h */ = {isa = PBXFileReference; fileEncoding = 4; lastKnownFileType = sourcecode.c.h; path = PlaceHolderTextView.h; sourceTree = "<group>"; };
		1E0B9ECD1CE475850050DB7E /* PlaceHolderTextView.m */ = {isa = PBXFileReference; fileEncoding = 4; lastKnownFileType = sourcecode.c.objc; path = PlaceHolderTextView.m; sourceTree = "<group>"; };
		1E0B9ECE1CE475850050DB7E /* RichPriceView.h */ = {isa = PBXFileReference; fileEncoding = 4; lastKnownFileType = sourcecode.c.h; path = RichPriceView.h; sourceTree = "<group>"; };
		1E0B9ECF1CE475850050DB7E /* RichPriceView.m */ = {isa = PBXFileReference; fileEncoding = 4; lastKnownFileType = sourcecode.c.objc; path = RichPriceView.m; sourceTree = "<group>"; };
		1E0B9ED21CE475850050DB7E /* StepperView.h */ = {isa = PBXFileReference; fileEncoding = 4; lastKnownFileType = sourcecode.c.h; path = StepperView.h; sourceTree = "<group>"; };
		1E0B9ED31CE475850050DB7E /* StepperView.m */ = {isa = PBXFileReference; fileEncoding = 4; lastKnownFileType = sourcecode.c.objc; path = StepperView.m; sourceTree = "<group>"; };
		1E0B9ED41CE475850050DB7E /* TiledImageView.h */ = {isa = PBXFileReference; fileEncoding = 4; lastKnownFileType = sourcecode.c.h; path = TiledImageView.h; sourceTree = "<group>"; };
		1E0B9ED51CE475850050DB7E /* TiledImageView.m */ = {isa = PBXFileReference; fileEncoding = 4; lastKnownFileType = sourcecode.c.objc; path = TiledImageView.m; sourceTree = "<group>"; };
		1E0B9ED81CE475850050DB7E /* AlipaySDK.bundle */ = {isa = PBXFileReference; lastKnownFileType = "wrapper.plug-in"; path = AlipaySDK.bundle; sourceTree = "<group>"; };
		1E0B9ED91CE475850050DB7E /* AlipaySDK.framework */ = {isa = PBXFileReference; lastKnownFileType = wrapper.framework; path = AlipaySDK.framework; sourceTree = "<group>"; };
		1E0B9EDA1CE475850050DB7E /* AlixPay.h */ = {isa = PBXFileReference; fileEncoding = 4; lastKnownFileType = sourcecode.c.h; path = AlixPay.h; sourceTree = "<group>"; };
		1E0B9EDB1CE475850050DB7E /* AlixPay.m */ = {isa = PBXFileReference; fileEncoding = 4; lastKnownFileType = sourcecode.c.objc; path = AlixPay.m; sourceTree = "<group>"; };
		1E0B9EDC1CE475850050DB7E /* AlixPayOrder.h */ = {isa = PBXFileReference; fileEncoding = 4; lastKnownFileType = sourcecode.c.h; path = AlixPayOrder.h; sourceTree = "<group>"; };
		1E0B9EDD1CE475850050DB7E /* AlixPayOrder.m */ = {isa = PBXFileReference; fileEncoding = 4; lastKnownFileType = sourcecode.c.objc; path = AlixPayOrder.m; sourceTree = "<group>"; };
		1E0B9EDE1CE475850050DB7E /* AlixPayResult.h */ = {isa = PBXFileReference; fileEncoding = 4; lastKnownFileType = sourcecode.c.h; path = AlixPayResult.h; sourceTree = "<group>"; };
		1E0B9EDF1CE475850050DB7E /* AlixPayResult.m */ = {isa = PBXFileReference; fileEncoding = 4; lastKnownFileType = sourcecode.c.objc; path = AlixPayResult.m; sourceTree = "<group>"; };
		1E0B9EE11CE475850050DB7E /* BaiduMapAPI_Base.framework */ = {isa = PBXFileReference; lastKnownFileType = wrapper.framework; path = BaiduMapAPI_Base.framework; sourceTree = "<group>"; };
		1E0B9EE21CE475850050DB7E /* BaiduMapAPI_Cloud.framework */ = {isa = PBXFileReference; lastKnownFileType = wrapper.framework; path = BaiduMapAPI_Cloud.framework; sourceTree = "<group>"; };
		1E0B9EE31CE475850050DB7E /* BaiduMapAPI_Location.framework */ = {isa = PBXFileReference; lastKnownFileType = wrapper.framework; path = BaiduMapAPI_Location.framework; sourceTree = "<group>"; };
		1E0B9EE41CE475850050DB7E /* BaiduMapAPI_Map.framework */ = {isa = PBXFileReference; lastKnownFileType = wrapper.framework; path = BaiduMapAPI_Map.framework; sourceTree = "<group>"; };
		1E0B9EE51CE475850050DB7E /* BaiduMapAPI_Radar.framework */ = {isa = PBXFileReference; lastKnownFileType = wrapper.framework; path = BaiduMapAPI_Radar.framework; sourceTree = "<group>"; };
		1E0B9EE61CE475850050DB7E /* BaiduMapAPI_Search.framework */ = {isa = PBXFileReference; lastKnownFileType = wrapper.framework; path = BaiduMapAPI_Search.framework; sourceTree = "<group>"; };
		1E0B9EE71CE475850050DB7E /* BaiduMapAPI_Utils.framework */ = {isa = PBXFileReference; lastKnownFileType = wrapper.framework; path = BaiduMapAPI_Utils.framework; sourceTree = "<group>"; };
		1E0B9EE81CE475850050DB7E /* mapapi.bundle */ = {isa = PBXFileReference; lastKnownFileType = "wrapper.plug-in"; path = mapapi.bundle; sourceTree = "<group>"; };
		1E0B9EEA1CE475850050DB7E /* libWeiboSDK.a */ = {isa = PBXFileReference; lastKnownFileType = archive.ar; path = libWeiboSDK.a; sourceTree = "<group>"; };
		1E0B9EEB1CE475850050DB7E /* WBHttpRequest+WeiboGame.h */ = {isa = PBXFileReference; fileEncoding = 4; lastKnownFileType = sourcecode.c.h; path = "WBHttpRequest+WeiboGame.h"; sourceTree = "<group>"; };
		1E0B9EEC1CE475850050DB7E /* WBHttpRequest+WeiboShare.h */ = {isa = PBXFileReference; fileEncoding = 4; lastKnownFileType = sourcecode.c.h; path = "WBHttpRequest+WeiboShare.h"; sourceTree = "<group>"; };
		1E0B9EED1CE475850050DB7E /* WBHttpRequest+WeiboToken.h */ = {isa = PBXFileReference; fileEncoding = 4; lastKnownFileType = sourcecode.c.h; path = "WBHttpRequest+WeiboToken.h"; sourceTree = "<group>"; };
		1E0B9EEE1CE475850050DB7E /* WBHttpRequest+WeiboUser.h */ = {isa = PBXFileReference; fileEncoding = 4; lastKnownFileType = sourcecode.c.h; path = "WBHttpRequest+WeiboUser.h"; sourceTree = "<group>"; };
		1E0B9EEF1CE475850050DB7E /* WBHttpRequest.h */ = {isa = PBXFileReference; fileEncoding = 4; lastKnownFileType = sourcecode.c.h; path = WBHttpRequest.h; sourceTree = "<group>"; };
		1E0B9EF01CE475850050DB7E /* WBSDKBasicButton.h */ = {isa = PBXFileReference; fileEncoding = 4; lastKnownFileType = sourcecode.c.h; path = WBSDKBasicButton.h; sourceTree = "<group>"; };
		1E0B9EF11CE475850050DB7E /* WBSDKCommentButton.h */ = {isa = PBXFileReference; fileEncoding = 4; lastKnownFileType = sourcecode.c.h; path = WBSDKCommentButton.h; sourceTree = "<group>"; };
		1E0B9EF21CE475850050DB7E /* WBSDKRelationshipButton.h */ = {isa = PBXFileReference; fileEncoding = 4; lastKnownFileType = sourcecode.c.h; path = WBSDKRelationshipButton.h; sourceTree = "<group>"; };
		1E0B9EF31CE475850050DB7E /* WeiboSDK.bundle */ = {isa = PBXFileReference; lastKnownFileType = "wrapper.plug-in"; path = WeiboSDK.bundle; sourceTree = "<group>"; };
		1E0B9EF41CE475850050DB7E /* WeiboSDK.h */ = {isa = PBXFileReference; fileEncoding = 4; lastKnownFileType = sourcecode.c.h; path = WeiboSDK.h; sourceTree = "<group>"; };
		1E0B9EF51CE475850050DB7E /* WeiboUser.h */ = {isa = PBXFileReference; fileEncoding = 4; lastKnownFileType = sourcecode.c.h; path = WeiboUser.h; sourceTree = "<group>"; };
		1E0B9EF71CE475850050DB7E /* TencentOpenAPI.framework */ = {isa = PBXFileReference; lastKnownFileType = wrapper.framework; path = TencentOpenAPI.framework; sourceTree = "<group>"; };
		1E0B9EF81CE475850050DB7E /* TencentOpenApi_IOS_Bundle.bundle */ = {isa = PBXFileReference; lastKnownFileType = "wrapper.plug-in"; path = TencentOpenApi_IOS_Bundle.bundle; sourceTree = "<group>"; };
		1E0B9EFA1CE475850050DB7E /* libWeChatSDK.a */ = {isa = PBXFileReference; lastKnownFileType = archive.ar; path = libWeChatSDK.a; sourceTree = "<group>"; };
		1E0B9EFB1CE475850050DB7E /* read_me.txt */ = {isa = PBXFileReference; fileEncoding = 4; lastKnownFileType = text; path = read_me.txt; sourceTree = "<group>"; };
		1E0B9EFC1CE475850050DB7E /* WXApi.h */ = {isa = PBXFileReference; fileEncoding = 4; lastKnownFileType = sourcecode.c.h; path = WXApi.h; sourceTree = "<group>"; };
		1E0B9EFD1CE475850050DB7E /* WXApiObject.h */ = {isa = PBXFileReference; fileEncoding = 4; lastKnownFileType = sourcecode.c.h; path = WXApiObject.h; sourceTree = "<group>"; };
		1E0B9F001CE475850050DB7E /* FirstViewController.h */ = {isa = PBXFileReference; fileEncoding = 4; lastKnownFileType = sourcecode.c.h; path = FirstViewController.h; sourceTree = "<group>"; };
		1E0B9F011CE475850050DB7E /* FirstViewController.m */ = {isa = PBXFileReference; fileEncoding = 4; lastKnownFileType = sourcecode.c.objc; path = FirstViewController.m; sourceTree = "<group>"; };
		1E0B9F021CE475850050DB7E /* FirstViewController.xib */ = {isa = PBXFileReference; fileEncoding = 4; lastKnownFileType = file.xib; path = FirstViewController.xib; sourceTree = "<group>"; };
		1E0B9F671CE476F50050DB7E /* WebImageLoadingService.h */ = {isa = PBXFileReference; fileEncoding = 4; lastKnownFileType = sourcecode.c.h; path = WebImageLoadingService.h; sourceTree = "<group>"; };
		1E0B9F681CE476F50050DB7E /* WebImageLoadingService.m */ = {isa = PBXFileReference; fileEncoding = 4; lastKnownFileType = sourcecode.c.objc; path = WebImageLoadingService.m; sourceTree = "<group>"; };
		1E38452E1CEC63F8009709F3 /* AESegueModel.h */ = {isa = PBXFileReference; fileEncoding = 4; lastKnownFileType = sourcecode.c.h; path = AESegueModel.h; sourceTree = "<group>"; };
		1E38452F1CEC63F8009709F3 /* AESegueModel.m */ = {isa = PBXFileReference; fileEncoding = 4; lastKnownFileType = sourcecode.c.objc; path = AESegueModel.m; sourceTree = "<group>"; };
		1E3846AE1CEC7698009709F3 /* Settings.bundle */ = {isa = PBXFileReference; lastKnownFileType = "wrapper.plug-in"; path = Settings.bundle; sourceTree = "<group>"; };
		1E3846B11CEC76B4009709F3 /* ApplicationInfoManager.h */ = {isa = PBXFileReference; fileEncoding = 4; lastKnownFileType = sourcecode.c.h; path = ApplicationInfoManager.h; sourceTree = "<group>"; };
		1E3846B21CEC76B4009709F3 /* ApplicationInfoManager.m */ = {isa = PBXFileReference; fileEncoding = 4; lastKnownFileType = sourcecode.c.objc; path = ApplicationInfoManager.m; sourceTree = "<group>"; };
		1E3846B31CEC76B4009709F3 /* ApplicationServiceManager.h */ = {isa = PBXFileReference; fileEncoding = 4; lastKnownFileType = sourcecode.c.h; path = ApplicationServiceManager.h; sourceTree = "<group>"; };
		1E3846B41CEC76B4009709F3 /* ApplicationServiceManager.m */ = {isa = PBXFileReference; fileEncoding = 4; lastKnownFileType = sourcecode.c.objc; path = ApplicationServiceManager.m; sourceTree = "<group>"; };
		1E3846B51CEC76B4009709F3 /* ApplicationSettingManager.h */ = {isa = PBXFileReference; fileEncoding = 4; lastKnownFileType = sourcecode.c.h; path = ApplicationSettingManager.h; sourceTree = "<group>"; };
		1E3846B61CEC76B4009709F3 /* ApplicationSettingManager.m */ = {isa = PBXFileReference; fileEncoding = 4; lastKnownFileType = sourcecode.c.objc; path = ApplicationSettingManager.m; sourceTree = "<group>"; };
		1EAAC28F1CD835D70005A4F7 /* AEBaseProject.app */ = {isa = PBXFileReference; explicitFileType = wrapper.application; includeInIndex = 0; path = AEBaseProject.app; sourceTree = BUILT_PRODUCTS_DIR; };
		1EAAC2931CD835D70005A4F7 /* main.m */ = {isa = PBXFileReference; lastKnownFileType = sourcecode.c.objc; path = main.m; sourceTree = "<group>"; };
		1EAAC2951CD835D70005A4F7 /* AppDelegate.h */ = {isa = PBXFileReference; lastKnownFileType = sourcecode.c.h; path = AppDelegate.h; sourceTree = "<group>"; };
		1EAAC2961CD835D70005A4F7 /* AppDelegate.m */ = {isa = PBXFileReference; lastKnownFileType = sourcecode.c.objc; path = AppDelegate.m; sourceTree = "<group>"; };
		1EAAC29E1CD835D70005A4F7 /* Assets.xcassets */ = {isa = PBXFileReference; lastKnownFileType = folder.assetcatalog; path = Assets.xcassets; sourceTree = "<group>"; };
		1EAAC2A31CD835D70005A4F7 /* Info.plist */ = {isa = PBXFileReference; lastKnownFileType = text.plist.xml; path = Info.plist; sourceTree = "<group>"; };
		1EAAC4D91CD8AA000005A4F7 /* AEAssistant_Manager.framework */ = {isa = PBXFileReference; lastKnownFileType = wrapper.framework; name = AEAssistant_Manager.framework; path = AEAssistant/AEAssistant_Manager.framework; sourceTree = "<group>"; };
		1EAAC4DA1CD8AA000005A4F7 /* AEAssistant_Model.framework */ = {isa = PBXFileReference; lastKnownFileType = wrapper.framework; name = AEAssistant_Model.framework; path = AEAssistant/AEAssistant_Model.framework; sourceTree = "<group>"; };
		1EAAC4DB1CD8AA000005A4F7 /* AEAssistant_Network.framework */ = {isa = PBXFileReference; lastKnownFileType = wrapper.framework; name = AEAssistant_Network.framework; path = AEAssistant/AEAssistant_Network.framework; sourceTree = "<group>"; };
		1EAAC4DC1CD8AA000005A4F7 /* AEAssistant_ThirdParty.framework */ = {isa = PBXFileReference; lastKnownFileType = wrapper.framework; name = AEAssistant_ThirdParty.framework; path = AEAssistant/AEAssistant_ThirdParty.framework; sourceTree = "<group>"; };
		1EAAC4DD1CD8AA000005A4F7 /* AEAssistant_ToolBox.framework */ = {isa = PBXFileReference; lastKnownFileType = wrapper.framework; name = AEAssistant_ToolBox.framework; path = AEAssistant/AEAssistant_ToolBox.framework; sourceTree = "<group>"; };
		1EAAC4DE1CD8AA000005A4F7 /* AEAssistant.framework */ = {isa = PBXFileReference; lastKnownFileType = wrapper.framework; name = AEAssistant.framework; path = AEAssistant/AEAssistant.framework; sourceTree = "<group>"; };
		1EAAC4E61CD8AA630005A4F7 /* libz.1.2.5.tbd */ = {isa = PBXFileReference; lastKnownFileType = "sourcecode.text-based-dylib-definition"; name = libz.1.2.5.tbd; path = usr/lib/libz.1.2.5.tbd; sourceTree = SDKROOT; };
		1EAAC4E81CD8AA800005A4F7 /* PrefixHeader.pch */ = {isa = PBXFileReference; lastKnownFileType = sourcecode.c.h; path = PrefixHeader.pch; sourceTree = "<group>"; };
		1EAAC5B31CD986EA0005A4F7 /* libsqlite3.0.tbd */ = {isa = PBXFileReference; lastKnownFileType = "sourcecode.text-based-dylib-definition"; name = libsqlite3.0.tbd; path = usr/lib/libsqlite3.0.tbd; sourceTree = SDKROOT; };
		1EAAC5B71CD987050005A4F7 /* libstdc++.6.0.9.tbd */ = {isa = PBXFileReference; lastKnownFileType = "sourcecode.text-based-dylib-definition"; name = "libstdc++.6.0.9.tbd"; path = "usr/lib/libstdc++.6.0.9.tbd"; sourceTree = SDKROOT; };
		1EAAC5B91CD9871F0005A4F7 /* CoreMotion.framework */ = {isa = PBXFileReference; lastKnownFileType = wrapper.framework; name = CoreMotion.framework; path = System/Library/Frameworks/CoreMotion.framework; sourceTree = SDKROOT; };
		1EAAC5C01CD98A610005A4F7 /* AEAssistant_Category.framework */ = {isa = PBXFileReference; lastKnownFileType = wrapper.framework; name = AEAssistant_Category.framework; path = AEAssistant/AEAssistant_Category.framework; sourceTree = "<group>"; };
/* End PBXFileReference section */

/* Begin PBXFrameworksBuildPhase section */
		1EAAC28C1CD835D70005A4F7 /* Frameworks */ = {
			isa = PBXFrameworksBuildPhase;
			buildActionMask = 2147483647;
			files = (
				1E0B9F541CE475850050DB7E /* BaiduMapAPI_Base.framework in Frameworks */,
				1EAAC5C11CD98A610005A4F7 /* AEAssistant_Category.framework in Frameworks */,
				1EAAC5BA1CD9871F0005A4F7 /* CoreMotion.framework in Frameworks */,
				1EAAC5B81CD987050005A4F7 /* libstdc++.6.0.9.tbd in Frameworks */,
				1EAAC5B41CD986EA0005A4F7 /* libsqlite3.0.tbd in Frameworks */,
				1EAAC4E71CD8AA630005A4F7 /* libz.1.2.5.tbd in Frameworks */,
				1E0B9F501CE475850050DB7E /* AlipaySDK.framework in Frameworks */,
				1EAAC4E01CD8AA000005A4F7 /* AEAssistant_Manager.framework in Frameworks */,
				1E0B9F591CE475850050DB7E /* BaiduMapAPI_Search.framework in Frameworks */,
				1E0B9F551CE475850050DB7E /* BaiduMapAPI_Cloud.framework in Frameworks */,
				1EAAC4E11CD8AA000005A4F7 /* AEAssistant_Model.framework in Frameworks */,
				1EAAC4E21CD8AA000005A4F7 /* AEAssistant_Network.framework in Frameworks */,
				1E0B9F581CE475850050DB7E /* BaiduMapAPI_Radar.framework in Frameworks */,
				1EAAC4E31CD8AA000005A4F7 /* AEAssistant_ThirdParty.framework in Frameworks */,
				1EAAC4E41CD8AA000005A4F7 /* AEAssistant_ToolBox.framework in Frameworks */,
				1E0B9F5C1CE475850050DB7E /* libWeiboSDK.a in Frameworks */,
				1E0B9F601CE475850050DB7E /* libWeChatSDK.a in Frameworks */,
				1E0B9F5A1CE475850050DB7E /* BaiduMapAPI_Utils.framework in Frameworks */,
				1E0B9F561CE475850050DB7E /* BaiduMapAPI_Location.framework in Frameworks */,
				1EAAC4E51CD8AA000005A4F7 /* AEAssistant.framework in Frameworks */,
				1E0B9F5E1CE475850050DB7E /* TencentOpenAPI.framework in Frameworks */,
				1E0B9F571CE475850050DB7E /* BaiduMapAPI_Map.framework in Frameworks */,
			);
			runOnlyForDeploymentPostprocessing = 0;
		};
/* End PBXFrameworksBuildPhase section */

/* Begin PBXGroup section */
		1E0B9E2D1CE475840050DB7E /* AEMagicBox */ = {
			isa = PBXGroup;
			children = (
				1E0B9E2E1CE475840050DB7E /* MagicService */,
				1E0B9E5F1CE475840050DB7E /* SelfDefineVCs */,
				1E0B9E941CE475850050DB7E /* SelfDefineViews */,
				1E0B9ED61CE475850050DB7E /* ThirdParty */,
			);
			path = AEMagicBox;
			sourceTree = "<group>";
		};
		1E0B9E2E1CE475840050DB7E /* MagicService */ = {
			isa = PBXGroup;
			children = (
				1E0B9F641CE476F40050DB7E /* WebImageLoading */,
				1E0B9E2F1CE475840050DB7E /* AdditionalTabBarItem */,
				1E0B9E381CE475840050DB7E /* Login */,
				1E0B9E3B1CE475840050DB7E /* Payment */,
				1E0B9E421CE475840050DB7E /* Push */,
				1E0B9E471CE475840050DB7E /* Segue */,
				1E3846B01CEC76B4009709F3 /* SettingBundle */,
				1E0B9E4E1CE475840050DB7E /* Share */,
				1E0B9E551CE475840050DB7E /* Social */,
				1E0B9E5C1CE475840050DB7E /* Version */,
			);
			path = MagicService;
			sourceTree = "<group>";
		};
		1E0B9E2F1CE475840050DB7E /* AdditionalTabBarItem */ = {
			isa = PBXGroup;
			children = (
				1E0B9E301CE475840050DB7E /* AdditionalTabBarItemManager.h */,
				1E0B9E311CE475840050DB7E /* AdditionalTabBarItemManager.m */,
			);
			path = AdditionalTabBarItem;
			sourceTree = "<group>";
		};
		1E0B9E381CE475840050DB7E /* Login */ = {
			isa = PBXGroup;
			children = (
				1E0B9E391CE475840050DB7E /* ThirdPartyLoginService.h */,
				1E0B9E3A1CE475840050DB7E /* ThirdPartyLoginService.m */,
			);
			path = Login;
			sourceTree = "<group>";
		};
		1E0B9E3B1CE475840050DB7E /* Payment */ = {
			isa = PBXGroup;
			children = (
				1E0B9E3C1CE475840050DB7E /* AlipayManager.h */,
				1E0B9E3D1CE475840050DB7E /* AlipayManager.m */,
				1E0B9E3E1CE475840050DB7E /* KTCPaymentInfo.h */,
				1E0B9E3F1CE475840050DB7E /* KTCPaymentInfo.m */,
				1E0B9E401CE475840050DB7E /* KTCPaymentService.h */,
				1E0B9E411CE475840050DB7E /* KTCPaymentService.m */,
			);
			path = Payment;
			sourceTree = "<group>";
		};
		1E0B9E421CE475840050DB7E /* Push */ = {
			isa = PBXGroup;
			children = (
				1E0B9E431CE475840050DB7E /* AEPushNotificationService.h */,
				1E0B9E441CE475840050DB7E /* AEPushNotificationService.m */,
				1E0B9E451CE475840050DB7E /* PushNotificationModel.h */,
				1E0B9E461CE475840050DB7E /* PushNotificationModel.m */,
			);
			path = Push;
			sourceTree = "<group>";
		};
		1E0B9E471CE475840050DB7E /* Segue */ = {
			isa = PBXGroup;
			children = (
				1E0B9E481CE475840050DB7E /* AESegueMaster.h */,
				1E0B9E491CE475840050DB7E /* AESegueMaster.m */,
				1E38452E1CEC63F8009709F3 /* AESegueModel.h */,
				1E38452F1CEC63F8009709F3 /* AESegueModel.m */,
				1E0B9E4C1CE475840050DB7E /* TextSegueModel.h */,
				1E0B9E4D1CE475840050DB7E /* TextSegueModel.m */,
			);
			path = Segue;
			sourceTree = "<group>";
		};
		1E0B9E4E1CE475840050DB7E /* Share */ = {
			isa = PBXGroup;
			children = (
				1E0B9E4F1CE475840050DB7E /* CommonShareObject.h */,
				1E0B9E501CE475840050DB7E /* CommonShareObject.m */,
				1E0B9E511CE475840050DB7E /* CommonShareService.h */,
				1E0B9E521CE475840050DB7E /* CommonShareService.m */,
				1E0B9E531CE475840050DB7E /* KTCShareService.h */,
				1E0B9E541CE475840050DB7E /* KTCShareService.m */,
			);
			path = Share;
			sourceTree = "<group>";
		};
		1E0B9E551CE475840050DB7E /* Social */ = {
			isa = PBXGroup;
			children = (
				1E0B9E561CE475840050DB7E /* TencentManager.h */,
				1E0B9E571CE475840050DB7E /* TencentManager.m */,
				1E0B9E581CE475840050DB7E /* WeChatManager.h */,
				1E0B9E591CE475840050DB7E /* WeChatManager.m */,
				1E0B9E5A1CE475840050DB7E /* WeiboManager.h */,
				1E0B9E5B1CE475840050DB7E /* WeiboManager.m */,
			);
			path = Social;
			sourceTree = "<group>";
		};
		1E0B9E5C1CE475840050DB7E /* Version */ = {
			isa = PBXGroup;
			children = (
				1E0B9E5D1CE475840050DB7E /* VersionManager.h */,
				1E0B9E5E1CE475840050DB7E /* VersionManager.m */,
			);
			path = Version;
			sourceTree = "<group>";
		};
		1E0B9E5F1CE475840050DB7E /* SelfDefineVCs */ = {
			isa = PBXGroup;
			children = (
				1E0B9E601CE475840050DB7E /* AEBaseViewController.h */,
				1E0B9E611CE475840050DB7E /* AEBaseViewController.m */,
				1E0B9E621CE475840050DB7E /* AENavigationController.h */,
				1E0B9E631CE475840050DB7E /* AENavigationController.m */,
				1E0B9E641CE475840050DB7E /* AETabBarController.h */,
				1E0B9E651CE475840050DB7E /* AETabBarController.m */,
				1E0B9E661CE475840050DB7E /* AEWebViewController.h */,
				1E0B9E671CE475840050DB7E /* AEWebViewController.m */,
				1E0B9E681CE475840050DB7E /* CommonLoginViewController.h */,
				1E0B9E691CE475840050DB7E /* CommonLoginViewController.m */,
				1E0B9E6A1CE475840050DB7E /* CommonLoginViewController.xib */,
				1E0B9E6B1CE475840050DB7E /* CommonShareViewController.h */,
				1E0B9E6C1CE475840050DB7E /* CommonShareViewController.m */,
				1E0B9E6D1CE475840050DB7E /* CommonShareViewController.xib */,
				1E0B9E6E1CE475840050DB7E /* GuideViewController.h */,
				1E0B9E6F1CE475840050DB7E /* GuideViewController.m */,
				1E0B9E701CE475840050DB7E /* GuideViewController.xib */,
				1E0B9E711CE475840050DB7E /* ImagePicker */,
				1E0B9E721CE475840050DB7E /* LoadingViewController.h */,
				1E0B9E731CE475840050DB7E /* LoadingViewController.m */,
				1E0B9E741CE475840050DB7E /* LoadingViewController.xib */,
				1E0B9E751CE475840050DB7E /* PhotoBrowse */,
			);
			path = SelfDefineVCs;
			sourceTree = "<group>";
		};
		1E0B9E711CE475840050DB7E /* ImagePicker */ = {
			isa = PBXGroup;
			children = (
			);
			path = ImagePicker;
			sourceTree = "<group>";
		};
		1E0B9E751CE475840050DB7E /* PhotoBrowse */ = {
			isa = PBXGroup;
			children = (
				1E0B9E761CE475840050DB7E /* AUIPhotoBrowserViewController.h */,
				1E0B9E771CE475840050DB7E /* AUIPhotoBrowserViewController.m */,
				1E0B9E781CE475840050DB7E /* MWPhoto+AUIExtension.h */,
				1E0B9E791CE475840050DB7E /* MWPhoto+AUIExtension.m */,
				1E0B9E7A1CE475840050DB7E /* MWPhotoBrowser */,
			);
			path = PhotoBrowse;
			sourceTree = "<group>";
		};
		1E0B9E7A1CE475840050DB7E /* MWPhotoBrowser */ = {
			isa = PBXGroup;
			children = (
				1E0B9E7B1CE475840050DB7E /* Localizable.strings */,
				1E0B9E7D1CE475850050DB7E /* MWCaptionView.h */,
				1E0B9E7E1CE475850050DB7E /* MWCaptionView.m */,
				1E0B9E7F1CE475850050DB7E /* MWCommon.h */,
				1E0B9E801CE475850050DB7E /* MWGridCell.h */,
				1E0B9E811CE475850050DB7E /* MWGridCell.m */,
				1E0B9E821CE475850050DB7E /* MWGridViewController.h */,
				1E0B9E831CE475850050DB7E /* MWGridViewController.m */,
				1E0B9E841CE475850050DB7E /* MWPhoto.h */,
				1E0B9E851CE475850050DB7E /* MWPhoto.m */,
				1E0B9E861CE475850050DB7E /* MWPhotoBrowser.bundle */,
				1E0B9E871CE475850050DB7E /* MWPhotoBrowser.h */,
				1E0B9E881CE475850050DB7E /* MWPhotoBrowser.m */,
				1E0B9E891CE475850050DB7E /* MWPhotoBrowserPrivate.h */,
				1E0B9E8A1CE475850050DB7E /* MWPhotoProtocol.h */,
				1E0B9E8B1CE475850050DB7E /* MWTapDetectingImageView.h */,
				1E0B9E8C1CE475850050DB7E /* MWTapDetectingImageView.m */,
				1E0B9E8D1CE475850050DB7E /* MWTapDetectingView.h */,
				1E0B9E8E1CE475850050DB7E /* MWTapDetectingView.m */,
				1E0B9E8F1CE475850050DB7E /* MWZoomingScrollView.h */,
				1E0B9E901CE475850050DB7E /* MWZoomingScrollView.m */,
				1E0B9E911CE475850050DB7E /* UIImage+MWPhotoBrowser.h */,
				1E0B9E921CE475850050DB7E /* UIImage+MWPhotoBrowser.m */,
			);
			path = MWPhotoBrowser;
			sourceTree = "<group>";
		};
		1E0B9E941CE475850050DB7E /* SelfDefineViews */ = {
			isa = PBXGroup;
			children = (
				1E0B9E951CE475850050DB7E /* AddressSelectTableViewCell.h */,
				1E0B9E961CE475850050DB7E /* AddressSelectTableViewCell.m */,
				1E0B9E971CE475850050DB7E /* AddressSelectTableViewCell.xib */,
				1E0B9E981CE475850050DB7E /* AnimedBtn */,
				1E0B9E9B1CE475850050DB7E /* AUIBannerScrollView.h */,
				1E0B9E9C1CE475850050DB7E /* AUIBannerScrollView.m */,
				1E0B9E9D1CE475850050DB7E /* AUIBannerScrollView.xib */,
				1E0B9E9E1CE475850050DB7E /* AUIFloorNavigationView.h */,
				1E0B9E9F1CE475850050DB7E /* AUIFloorNavigationView.m */,
				1E0B9EA01CE475850050DB7E /* AUIImageGridView.h */,
				1E0B9EA11CE475850050DB7E /* AUIImageGridView.m */,
				1E0B9EA21CE475850050DB7E /* AUIKeyboardAdhesiveView.h */,
				1E0B9EA31CE475850050DB7E /* AUIKeyboardAdhesiveView.m */,
				1E0B9EA41CE475850050DB7E /* AUILinearView.h */,
				1E0B9EA51CE475850050DB7E /* AUILinearView.m */,
				1E0B9EA61CE475850050DB7E /* AUINoticeView.h */,
				1E0B9EA71CE475850050DB7E /* AUINoticeView.m */,
				1E0B9EA81CE475850050DB7E /* AUINoticeView.xib */,
				1E0B9EA91CE475850050DB7E /* AUIPickerView.h */,
				1E0B9EAA1CE475850050DB7E /* AUIPickerView.m */,
				1E0B9EAB1CE475850050DB7E /* AUISegmentView.h */,
				1E0B9EAC1CE475850050DB7E /* AUISegmentView.m */,
				1E0B9EAD1CE475850050DB7E /* AUIStackView.h */,
				1E0B9EAE1CE475850050DB7E /* AUIStackView.m */,
				1E0B9EAF1CE475850050DB7E /* FiveStarsView.h */,
				1E0B9EB01CE475850050DB7E /* FiveStarsView.m */,
				1E0B9EB11CE475850050DB7E /* FlipView */,
				1E0B9EB41CE475850050DB7E /* GActivityIndicatorView.h */,
				1E0B9EB51CE475850050DB7E /* GActivityIndicatorView.m */,
				1E0B9EB61CE475850050DB7E /* GAlertLoadingView.h */,
				1E0B9EB71CE475850050DB7E /* GAlertLoadingView.m */,
				1E0B9EB81CE475850050DB7E /* GConnectUselessView.h */,
				1E0B9EB91CE475850050DB7E /* GConnectUselessView.m */,
				1E0B9EBA1CE475850050DB7E /* HeaderRefreshView.h */,
				1E0B9EBB1CE475850050DB7E /* HeaderRefreshView.m */,
				1E0B9EBC1CE475850050DB7E /* HorizontalCalendarView.h */,
				1E0B9EBD1CE475850050DB7E /* HorizontalCalendarView.m */,
				1E0B9EBE1CE475850050DB7E /* HorizontalCalendarView.xib */,
				1E0B9EBF1CE475850050DB7E /* iToast.h */,
				1E0B9EC01CE475850050DB7E /* iToast.m */,
				1E0B9EC11CE475850050DB7E /* KTCActionView.h */,
				1E0B9EC21CE475850050DB7E /* KTCActionView.m */,
				1E0B9EC31CE475850050DB7E /* KTCActionView.xib */,
				1E0B9EC41CE475850050DB7E /* KTCEmptyDataView.h */,
				1E0B9EC51CE475850050DB7E /* KTCEmptyDataView.m */,
				1E0B9EC61CE475850050DB7E /* MultiSelView */,
				1E0B9EC91CE475850050DB7E /* PageControl */,
				1E0B9ECC1CE475850050DB7E /* PlaceHolderTextView.h */,
				1E0B9ECD1CE475850050DB7E /* PlaceHolderTextView.m */,
				1E0B9ECE1CE475850050DB7E /* RichPriceView.h */,
				1E0B9ECF1CE475850050DB7E /* RichPriceView.m */,
				1E0B9ED01CE475850050DB7E /* RollingView */,
				1E0B9ED11CE475850050DB7E /* Stepper */,
				1E0B9ED41CE475850050DB7E /* TiledImageView.h */,
				1E0B9ED51CE475850050DB7E /* TiledImageView.m */,
			);
			path = SelfDefineViews;
			sourceTree = "<group>";
		};
		1E0B9E981CE475850050DB7E /* AnimedBtn */ = {
			isa = PBXGroup;
			children = (
				1E0B9E991CE475850050DB7E /* AnimedBtn.h */,
				1E0B9E9A1CE475850050DB7E /* AnimedBtn.m */,
			);
			path = AnimedBtn;
			sourceTree = "<group>";
		};
		1E0B9EB11CE475850050DB7E /* FlipView */ = {
			isa = PBXGroup;
			children = (
				1E0B9EB21CE475850050DB7E /* FlipView.h */,
				1E0B9EB31CE475850050DB7E /* FlipView.m */,
			);
			path = FlipView;
			sourceTree = "<group>";
		};
		1E0B9EC61CE475850050DB7E /* MultiSelView */ = {
			isa = PBXGroup;
			children = (
				1E0B9EC71CE475850050DB7E /* MultiSelView.h */,
				1E0B9EC81CE475850050DB7E /* MultiSelView.m */,
			);
			path = MultiSelView;
			sourceTree = "<group>";
		};
		1E0B9EC91CE475850050DB7E /* PageControl */ = {
			isa = PBXGroup;
			children = (
				1E0B9ECA1CE475850050DB7E /* MCPagerView.h */,
				1E0B9ECB1CE475850050DB7E /* MCPagerView.m */,
			);
			path = PageControl;
			sourceTree = "<group>";
		};
		1E0B9ED01CE475850050DB7E /* RollingView */ = {
			isa = PBXGroup;
			children = (
			);
			path = RollingView;
			sourceTree = "<group>";
		};
		1E0B9ED11CE475850050DB7E /* Stepper */ = {
			isa = PBXGroup;
			children = (
				1E0B9ED21CE475850050DB7E /* StepperView.h */,
				1E0B9ED31CE475850050DB7E /* StepperView.m */,
			);
			path = Stepper;
			sourceTree = "<group>";
		};
		1E0B9ED61CE475850050DB7E /* ThirdParty */ = {
			isa = PBXGroup;
			children = (
				1E0B9ED71CE475850050DB7E /* alipay */,
				1E0B9EE01CE475850050DB7E /* BMapKit */,
				1E0B9EE91CE475850050DB7E /* libWeiboSDK */,
				1E0B9EF61CE475850050DB7E /* TencentOpenAPI */,
				1E0B9EF91CE475850050DB7E /* WeChatSDK */,
			);
			path = ThirdParty;
			sourceTree = "<group>";
		};
		1E0B9ED71CE475850050DB7E /* alipay */ = {
			isa = PBXGroup;
			children = (
				1E0B9ED81CE475850050DB7E /* AlipaySDK.bundle */,
				1E0B9ED91CE475850050DB7E /* AlipaySDK.framework */,
				1E0B9EDA1CE475850050DB7E /* AlixPay.h */,
				1E0B9EDB1CE475850050DB7E /* AlixPay.m */,
				1E0B9EDC1CE475850050DB7E /* AlixPayOrder.h */,
				1E0B9EDD1CE475850050DB7E /* AlixPayOrder.m */,
				1E0B9EDE1CE475850050DB7E /* AlixPayResult.h */,
				1E0B9EDF1CE475850050DB7E /* AlixPayResult.m */,
			);
			path = alipay;
			sourceTree = "<group>";
		};
		1E0B9EE01CE475850050DB7E /* BMapKit */ = {
			isa = PBXGroup;
			children = (
				1E0B9EE11CE475850050DB7E /* BaiduMapAPI_Base.framework */,
				1E0B9EE21CE475850050DB7E /* BaiduMapAPI_Cloud.framework */,
				1E0B9EE31CE475850050DB7E /* BaiduMapAPI_Location.framework */,
				1E0B9EE41CE475850050DB7E /* BaiduMapAPI_Map.framework */,
				1E0B9EE51CE475850050DB7E /* BaiduMapAPI_Radar.framework */,
				1E0B9EE61CE475850050DB7E /* BaiduMapAPI_Search.framework */,
				1E0B9EE71CE475850050DB7E /* BaiduMapAPI_Utils.framework */,
				1E0B9EE81CE475850050DB7E /* mapapi.bundle */,
			);
			path = BMapKit;
			sourceTree = "<group>";
		};
		1E0B9EE91CE475850050DB7E /* libWeiboSDK */ = {
			isa = PBXGroup;
			children = (
				1E0B9EEA1CE475850050DB7E /* libWeiboSDK.a */,
				1E0B9EEB1CE475850050DB7E /* WBHttpRequest+WeiboGame.h */,
				1E0B9EEC1CE475850050DB7E /* WBHttpRequest+WeiboShare.h */,
				1E0B9EED1CE475850050DB7E /* WBHttpRequest+WeiboToken.h */,
				1E0B9EEE1CE475850050DB7E /* WBHttpRequest+WeiboUser.h */,
				1E0B9EEF1CE475850050DB7E /* WBHttpRequest.h */,
				1E0B9EF01CE475850050DB7E /* WBSDKBasicButton.h */,
				1E0B9EF11CE475850050DB7E /* WBSDKCommentButton.h */,
				1E0B9EF21CE475850050DB7E /* WBSDKRelationshipButton.h */,
				1E0B9EF31CE475850050DB7E /* WeiboSDK.bundle */,
				1E0B9EF41CE475850050DB7E /* WeiboSDK.h */,
				1E0B9EF51CE475850050DB7E /* WeiboUser.h */,
			);
			path = libWeiboSDK;
			sourceTree = "<group>";
		};
		1E0B9EF61CE475850050DB7E /* TencentOpenAPI */ = {
			isa = PBXGroup;
			children = (
				1E0B9EF71CE475850050DB7E /* TencentOpenAPI.framework */,
				1E0B9EF81CE475850050DB7E /* TencentOpenApi_IOS_Bundle.bundle */,
			);
			path = TencentOpenAPI;
			sourceTree = "<group>";
		};
		1E0B9EF91CE475850050DB7E /* WeChatSDK */ = {
			isa = PBXGroup;
			children = (
				1E0B9EFA1CE475850050DB7E /* libWeChatSDK.a */,
				1E0B9EFB1CE475850050DB7E /* read_me.txt */,
				1E0B9EFC1CE475850050DB7E /* WXApi.h */,
				1E0B9EFD1CE475850050DB7E /* WXApiObject.h */,
			);
			path = WeChatSDK;
			sourceTree = "<group>";
		};
		1E0B9EFE1CE475850050DB7E /* CommonService */ = {
			isa = PBXGroup;
			children = (
			);
			path = CommonService;
			sourceTree = "<group>";
		};
		1E0B9EFF1CE475850050DB7E /* Module */ = {
			isa = PBXGroup;
			children = (
				1E0B9F001CE475850050DB7E /* FirstViewController.h */,
				1E0B9F011CE475850050DB7E /* FirstViewController.m */,
				1E0B9F021CE475850050DB7E /* FirstViewController.xib */,
			);
			path = Module;
			sourceTree = "<group>";
		};
		1E0B9F641CE476F40050DB7E /* WebImageLoading */ = {
			isa = PBXGroup;
			children = (
				1E0B9F671CE476F50050DB7E /* WebImageLoadingService.h */,
				1E0B9F681CE476F50050DB7E /* WebImageLoadingService.m */,
			);
			path = WebImageLoading;
			sourceTree = "<group>";
		};
		1E3846B01CEC76B4009709F3 /* SettingBundle */ = {
			isa = PBXGroup;
			children = (
				1E3846B11CEC76B4009709F3 /* ApplicationInfoManager.h */,
				1E3846B21CEC76B4009709F3 /* ApplicationInfoManager.m */,
				1E3846B31CEC76B4009709F3 /* ApplicationServiceManager.h */,
				1E3846B41CEC76B4009709F3 /* ApplicationServiceManager.m */,
				1E3846B51CEC76B4009709F3 /* ApplicationSettingManager.h */,
				1E3846B61CEC76B4009709F3 /* ApplicationSettingManager.m */,
			);
			path = SettingBundle;
			sourceTree = "<group>";
		};
		1EAAC2861CD835D60005A4F7 = {
			isa = PBXGroup;
			children = (
				1EAAC2911CD835D70005A4F7 /* AEBaseProject */,
				1EAAC2901CD835D70005A4F7 /* Products */,
			);
			sourceTree = "<group>";
		};
		1EAAC2901CD835D70005A4F7 /* Products */ = {
			isa = PBXGroup;
			children = (
				1EAAC28F1CD835D70005A4F7 /* AEBaseProject.app */,
			);
			name = Products;
			sourceTree = "<group>";
		};
		1EAAC2911CD835D70005A4F7 /* AEBaseProject */ = {
			isa = PBXGroup;
			children = (
				1EAAC4EA1CD8AE8A0005A4F7 /* Class */,
				1EAAC2951CD835D70005A4F7 /* AppDelegate.h */,
				1EAAC2961CD835D70005A4F7 /* AppDelegate.m */,
				1EAAC2921CD835D70005A4F7 /* Supporting Files */,
			);
			path = AEBaseProject;
			sourceTree = "<group>";
		};
		1EAAC2921CD835D70005A4F7 /* Supporting Files */ = {
			isa = PBXGroup;
			children = (
				1EAAC29E1CD835D70005A4F7 /* Assets.xcassets */,
				1EAAC4E91CD8ADF70005A4F7 /* Frameworks */,
				1EAAC2931CD835D70005A4F7 /* main.m */,
				1EAAC2A31CD835D70005A4F7 /* Info.plist */,
				1EAAC4E81CD8AA800005A4F7 /* PrefixHeader.pch */,
			);
			name = "Supporting Files";
			sourceTree = "<group>";
		};
		1EAAC4E91CD8ADF70005A4F7 /* Frameworks */ = {
			isa = PBXGroup;
			children = (
				1E3846AE1CEC7698009709F3 /* Settings.bundle */,
				1EAAC5B91CD9871F0005A4F7 /* CoreMotion.framework */,
				1EAAC5B71CD987050005A4F7 /* libstdc++.6.0.9.tbd */,
				1EAAC5B31CD986EA0005A4F7 /* libsqlite3.0.tbd */,
				1EAAC4E61CD8AA630005A4F7 /* libz.1.2.5.tbd */,
				1EAAC5C01CD98A610005A4F7 /* AEAssistant_Category.framework */,
				1EAAC4D91CD8AA000005A4F7 /* AEAssistant_Manager.framework */,
				1EAAC4DA1CD8AA000005A4F7 /* AEAssistant_Model.framework */,
				1EAAC4DB1CD8AA000005A4F7 /* AEAssistant_Network.framework */,
				1EAAC4DC1CD8AA000005A4F7 /* AEAssistant_ThirdParty.framework */,
				1EAAC4DD1CD8AA000005A4F7 /* AEAssistant_ToolBox.framework */,
				1EAAC4DE1CD8AA000005A4F7 /* AEAssistant.framework */,
			);
			name = Frameworks;
			sourceTree = "<group>";
		};
		1EAAC4EA1CD8AE8A0005A4F7 /* Class */ = {
			isa = PBXGroup;
			children = (
				1E0B9E2D1CE475840050DB7E /* AEMagicBox */,
				1E0B9EFE1CE475850050DB7E /* CommonService */,
				1E0B9EFF1CE475850050DB7E /* Module */,
			);
			path = Class;
			sourceTree = "<group>";
		};
/* End PBXGroup section */

/* Begin PBXNativeTarget section */
		1EAAC28E1CD835D70005A4F7 /* AEBaseProject */ = {
			isa = PBXNativeTarget;
			buildConfigurationList = 1EAAC2A61CD835D80005A4F7 /* Build configuration list for PBXNativeTarget "AEBaseProject" */;
			buildPhases = (
				1EAAC28B1CD835D70005A4F7 /* Sources */,
				1EAAC28C1CD835D70005A4F7 /* Frameworks */,
				1EAAC28D1CD835D70005A4F7 /* Resources */,
			);
			buildRules = (
			);
			dependencies = (
			);
			name = AEBaseProject;
			productName = AEBaseProject;
			productReference = 1EAAC28F1CD835D70005A4F7 /* AEBaseProject.app */;
			productType = "com.apple.product-type.application";
		};
/* End PBXNativeTarget section */

/* Begin PBXProject section */
		1EAAC2871CD835D60005A4F7 /* Project object */ = {
			isa = PBXProject;
			attributes = {
				LastUpgradeCheck = 0730;
				ORGANIZATIONNAME = StarDust;
				TargetAttributes = {
					1EAAC28E1CD835D70005A4F7 = {
						CreatedOnToolsVersion = 7.3;
						DevelopmentTeam = 2238X75DVG;
					};
				};
			};
			buildConfigurationList = 1EAAC28A1CD835D70005A4F7 /* Build configuration list for PBXProject "AEBaseProject" */;
			compatibilityVersion = "Xcode 3.2";
			developmentRegion = English;
			hasScannedForEncodings = 0;
			knownRegions = (
				en,
				Base,
				"zh-Hans",
			);
			mainGroup = 1EAAC2861CD835D60005A4F7;
			productRefGroup = 1EAAC2901CD835D70005A4F7 /* Products */;
			projectDirPath = "";
			projectRoot = "";
			targets = (
				1EAAC28E1CD835D70005A4F7 /* AEBaseProject */,
			);
		};
/* End PBXProject section */

/* Begin PBXResourcesBuildPhase section */
		1EAAC28D1CD835D70005A4F7 /* Resources */ = {
			isa = PBXResourcesBuildPhase;
			buildActionMask = 2147483647;
			files = (
				1E0B9F5F1CE475850050DB7E /* TencentOpenApi_IOS_Bundle.bundle in Resources */,
				1E3846AF1CEC7698009709F3 /* Settings.bundle in Resources */,
				1E0B9F631CE475850050DB7E /* FirstViewController.xib in Resources */,
				1E0B9F301CE475850050DB7E /* AddressSelectTableViewCell.xib in Resources */,
				1E0B9F471CE475850050DB7E /* KTCActionView.xib in Resources */,
				1E0B9F5D1CE475850050DB7E /* WeiboSDK.bundle in Resources */,
				1E0B9F611CE475850050DB7E /* read_me.txt in Resources */,
				1EAAC29F1CD835D70005A4F7 /* Assets.xcassets in Resources */,
				1E0B9F4F1CE475850050DB7E /* AlipaySDK.bundle in Resources */,
				1E0B9F241CE475850050DB7E /* Localizable.strings in Resources */,
				1E0B9F1F1CE475850050DB7E /* GuideViewController.xib in Resources */,
				1E0B9F331CE475850050DB7E /* AUIBannerScrollView.xib in Resources */,
				1E0B9F291CE475850050DB7E /* MWPhotoBrowser.bundle in Resources */,
				1E0B9F441CE475850050DB7E /* HorizontalCalendarView.xib in Resources */,
				1E0B9F391CE475850050DB7E /* AUINoticeView.xib in Resources */,
				1E0B9F1B1CE475850050DB7E /* CommonLoginViewController.xib in Resources */,
				1E0B9F211CE475850050DB7E /* LoadingViewController.xib in Resources */,
				1E0B9F1D1CE475850050DB7E /* CommonShareViewController.xib in Resources */,
				1E0B9F5B1CE475850050DB7E /* mapapi.bundle in Resources */,
			);
			runOnlyForDeploymentPostprocessing = 0;
		};
/* End PBXResourcesBuildPhase section */

/* Begin PBXSourcesBuildPhase section */
		1EAAC28B1CD835D70005A4F7 /* Sources */ = {
			isa = PBXSourcesBuildPhase;
			buildActionMask = 2147483647;
			files = (
				1E0B9F4A1CE475850050DB7E /* MCPagerView.m in Sources */,
				1E0B9F411CE475850050DB7E /* GConnectUselessView.m in Sources */,
				1E0B9F171CE475850050DB7E /* AENavigationController.m in Sources */,
				1E0B9F1E1CE475850050DB7E /* GuideViewController.m in Sources */,
				1E0B9F131CE475850050DB7E /* WeChatManager.m in Sources */,
				1E0B9F0B1CE475850050DB7E /* PushNotificationModel.m in Sources */,
				1E0B9F3A1CE475850050DB7E /* AUIPickerView.m in Sources */,
				1E0B9F2C1CE475850050DB7E /* MWTapDetectingView.m in Sources */,
				1E0B9F271CE475850050DB7E /* MWGridViewController.m in Sources */,
				1E0B9F531CE475850050DB7E /* AlixPayResult.m in Sources */,
				1E0B9F3C1CE475850050DB7E /* AUIStackView.m in Sources */,
				1E0B9F3D1CE475850050DB7E /* FiveStarsView.m in Sources */,
				1E0B9F6A1CE476F50050DB7E /* WebImageLoadingService.m in Sources */,
				1E3846B91CEC76B4009709F3 /* ApplicationSettingManager.m in Sources */,
				1E0B9F0A1CE475850050DB7E /* AEPushNotificationService.m in Sources */,
				1E0B9F031CE475850050DB7E /* AdditionalTabBarItemManager.m in Sources */,
				1E0B9F361CE475850050DB7E /* AUIKeyboardAdhesiveView.m in Sources */,
				1E0B9F3F1CE475850050DB7E /* GActivityIndicatorView.m in Sources */,
				1E0B9F3E1CE475850050DB7E /* FlipView.m in Sources */,
				1E0B9F371CE475850050DB7E /* AUILinearView.m in Sources */,
				1E0B9F421CE475850050DB7E /* HeaderRefreshView.m in Sources */,
				1E0B9F0E1CE475850050DB7E /* TextSegueModel.m in Sources */,
				1E0B9F2A1CE475850050DB7E /* MWPhotoBrowser.m in Sources */,
				1E3846B81CEC76B4009709F3 /* ApplicationServiceManager.m in Sources */,
				1E0B9F341CE475850050DB7E /* AUIFloorNavigationView.m in Sources */,
				1E0B9F4E1CE475850050DB7E /* TiledImageView.m in Sources */,
				1E0B9F4D1CE475850050DB7E /* StepperView.m in Sources */,
				1E0B9F401CE475850050DB7E /* GAlertLoadingView.m in Sources */,
				1E0B9F091CE475850050DB7E /* KTCPaymentService.m in Sources */,
				1E0B9F201CE475850050DB7E /* LoadingViewController.m in Sources */,
				1E0B9F281CE475850050DB7E /* MWPhoto.m in Sources */,
				1E0B9F221CE475850050DB7E /* AUIPhotoBrowserViewController.m in Sources */,
				1E0B9F1A1CE475850050DB7E /* CommonLoginViewController.m in Sources */,
				1E0B9F0C1CE475850050DB7E /* AESegueMaster.m in Sources */,
				1E0B9F061CE475850050DB7E /* ThirdPartyLoginService.m in Sources */,
				1E0B9F381CE475850050DB7E /* AUINoticeView.m in Sources */,
				1E0B9F231CE475850050DB7E /* MWPhoto+AUIExtension.m in Sources */,
				1E0B9F141CE475850050DB7E /* WeiboManager.m in Sources */,
				1E0B9F2D1CE475850050DB7E /* MWZoomingScrollView.m in Sources */,
				1E0B9F451CE475850050DB7E /* iToast.m in Sources */,
				1E0B9F071CE475850050DB7E /* AlipayManager.m in Sources */,
				1E0B9F3B1CE475850050DB7E /* AUISegmentView.m in Sources */,
				1E0B9F461CE475850050DB7E /* KTCActionView.m in Sources */,
				1E0B9F181CE475850050DB7E /* AETabBarController.m in Sources */,
				1E0B9F521CE475850050DB7E /* AlixPayOrder.m in Sources */,
				1E0B9F1C1CE475850050DB7E /* CommonShareViewController.m in Sources */,
				1E0B9F2E1CE475850050DB7E /* UIImage+MWPhotoBrowser.m in Sources */,
				1E0B9F481CE475850050DB7E /* KTCEmptyDataView.m in Sources */,
				1E0B9F111CE475850050DB7E /* KTCShareService.m in Sources */,
				1E0B9F261CE475850050DB7E /* MWGridCell.m in Sources */,
				1EAAC2971CD835D70005A4F7 /* AppDelegate.m in Sources */,
				1E0B9F4C1CE475850050DB7E /* RichPriceView.m in Sources */,
				1E0B9F191CE475850050DB7E /* AEWebViewController.m in Sources */,
				1E0B9F251CE475850050DB7E /* MWCaptionView.m in Sources */,
				1E0B9F621CE475850050DB7E /* FirstViewController.m in Sources */,
				1E3845301CEC63F8009709F3 /* AESegueModel.m in Sources */,
				1E0B9F0F1CE475850050DB7E /* CommonShareObject.m in Sources */,
				1E3846B71CEC76B4009709F3 /* ApplicationInfoManager.m in Sources */,
				1E0B9F311CE475850050DB7E /* AnimedBtn.m in Sources */,
				1E0B9F491CE475850050DB7E /* MultiSelView.m in Sources */,
				1E0B9F4B1CE475850050DB7E /* PlaceHolderTextView.m in Sources */,
				1E0B9F2F1CE475850050DB7E /* AddressSelectTableViewCell.m in Sources */,
				1E0B9F151CE475850050DB7E /* VersionManager.m in Sources */,
				1E0B9F101CE475850050DB7E /* CommonShareService.m in Sources */,
				1E0B9F161CE475850050DB7E /* AEBaseViewController.m in Sources */,
				1EAAC2941CD835D70005A4F7 /* main.m in Sources */,
				1E0B9F081CE475850050DB7E /* KTCPaymentInfo.m in Sources */,
				1E0B9F121CE475850050DB7E /* TencentManager.m in Sources */,
				1E0B9F431CE475850050DB7E /* HorizontalCalendarView.m in Sources */,
				1E0B9F511CE475850050DB7E /* AlixPay.m in Sources */,
				1E0B9F2B1CE475850050DB7E /* MWTapDetectingImageView.m in Sources */,
				1E0B9F321CE475850050DB7E /* AUIBannerScrollView.m in Sources */,
				1E0B9F351CE475850050DB7E /* AUIImageGridView.m in Sources */,
			);
			runOnlyForDeploymentPostprocessing = 0;
		};
/* End PBXSourcesBuildPhase section */

/* Begin PBXVariantGroup section */
		1E0B9E7B1CE475840050DB7E /* Localizable.strings */ = {
			isa = PBXVariantGroup;
			children = (
				1E0B9E7C1CE475840050DB7E /* en */,
				1E0B9E931CE475850050DB7E /* zh-Hans */,
			);
			name = Localizable.strings;
			sourceTree = "<group>";
		};
/* End PBXVariantGroup section */

/* Begin XCBuildConfiguration section */
		1EAAC2A41CD835D80005A4F7 /* Debug */ = {
			isa = XCBuildConfiguration;
			buildSettings = {
				ALWAYS_SEARCH_USER_PATHS = NO;
				CLANG_ANALYZER_NONNULL = YES;
				CLANG_CXX_LANGUAGE_STANDARD = "gnu++0x";
				CLANG_CXX_LIBRARY = "libc++";
				CLANG_ENABLE_MODULES = YES;
				CLANG_ENABLE_OBJC_ARC = YES;
				CLANG_WARN_BOOL_CONVERSION = YES;
				CLANG_WARN_CONSTANT_CONVERSION = YES;
				CLANG_WARN_DIRECT_OBJC_ISA_USAGE = YES_ERROR;
				CLANG_WARN_EMPTY_BODY = YES;
				CLANG_WARN_ENUM_CONVERSION = YES;
				CLANG_WARN_INT_CONVERSION = YES;
				CLANG_WARN_OBJC_ROOT_CLASS = YES_ERROR;
				CLANG_WARN_UNREACHABLE_CODE = YES;
				CLANG_WARN__DUPLICATE_METHOD_MATCH = YES;
				"CODE_SIGN_IDENTITY[sdk=iphoneos*]" = "iPhone Developer";
				COPY_PHASE_STRIP = NO;
				DEBUG_INFORMATION_FORMAT = dwarf;
				ENABLE_STRICT_OBJC_MSGSEND = YES;
				ENABLE_TESTABILITY = YES;
				GCC_C_LANGUAGE_STANDARD = gnu99;
				GCC_DYNAMIC_NO_PIC = NO;
				GCC_NO_COMMON_BLOCKS = YES;
				GCC_OPTIMIZATION_LEVEL = 0;
				GCC_PREPROCESSOR_DEFINITIONS = (
					"DEBUG=1",
					"$(inherited)",
				);
				GCC_WARN_64_TO_32_BIT_CONVERSION = YES;
				GCC_WARN_ABOUT_RETURN_TYPE = YES_ERROR;
				GCC_WARN_UNDECLARED_SELECTOR = YES;
				GCC_WARN_UNINITIALIZED_AUTOS = YES_AGGRESSIVE;
				GCC_WARN_UNUSED_FUNCTION = YES;
				GCC_WARN_UNUSED_VARIABLE = YES;
				IPHONEOS_DEPLOYMENT_TARGET = 9.3;
				MTL_ENABLE_DEBUG_INFO = YES;
				ONLY_ACTIVE_ARCH = YES;
				SDKROOT = iphoneos;
			};
			name = Debug;
		};
		1EAAC2A51CD835D80005A4F7 /* Release */ = {
			isa = XCBuildConfiguration;
			buildSettings = {
				ALWAYS_SEARCH_USER_PATHS = NO;
				CLANG_ANALYZER_NONNULL = YES;
				CLANG_CXX_LANGUAGE_STANDARD = "gnu++0x";
				CLANG_CXX_LIBRARY = "libc++";
				CLANG_ENABLE_MODULES = YES;
				CLANG_ENABLE_OBJC_ARC = YES;
				CLANG_WARN_BOOL_CONVERSION = YES;
				CLANG_WARN_CONSTANT_CONVERSION = YES;
				CLANG_WARN_DIRECT_OBJC_ISA_USAGE = YES_ERROR;
				CLANG_WARN_EMPTY_BODY = YES;
				CLANG_WARN_ENUM_CONVERSION = YES;
				CLANG_WARN_INT_CONVERSION = YES;
				CLANG_WARN_OBJC_ROOT_CLASS = YES_ERROR;
				CLANG_WARN_UNREACHABLE_CODE = YES;
				CLANG_WARN__DUPLICATE_METHOD_MATCH = YES;
				"CODE_SIGN_IDENTITY[sdk=iphoneos*]" = "iPhone Developer";
				COPY_PHASE_STRIP = NO;
				DEBUG_INFORMATION_FORMAT = "dwarf-with-dsym";
				ENABLE_NS_ASSERTIONS = NO;
				ENABLE_STRICT_OBJC_MSGSEND = YES;
				GCC_C_LANGUAGE_STANDARD = gnu99;
				GCC_NO_COMMON_BLOCKS = YES;
				GCC_WARN_64_TO_32_BIT_CONVERSION = YES;
				GCC_WARN_ABOUT_RETURN_TYPE = YES_ERROR;
				GCC_WARN_UNDECLARED_SELECTOR = YES;
				GCC_WARN_UNINITIALIZED_AUTOS = YES_AGGRESSIVE;
				GCC_WARN_UNUSED_FUNCTION = YES;
				GCC_WARN_UNUSED_VARIABLE = YES;
				IPHONEOS_DEPLOYMENT_TARGET = 9.3;
				MTL_ENABLE_DEBUG_INFO = NO;
				SDKROOT = iphoneos;
				VALIDATE_PRODUCT = YES;
			};
			name = Release;
		};
		1EAAC2A71CD835D80005A4F7 /* Debug */ = {
			isa = XCBuildConfiguration;
			buildSettings = {
				ASSETCATALOG_COMPILER_APPICON_NAME = AppIcon;
				ASSETCATALOG_COMPILER_LAUNCHIMAGE_NAME = LaunchImage;
				CODE_SIGN_IDENTITY = "iPhone Developer";
				"CODE_SIGN_IDENTITY[sdk=iphoneos*]" = "iPhone Developer";
				FRAMEWORK_SEARCH_PATHS = (
					"$(inherited)",
					"$(PROJECT_DIR)/AEBaseProject/AEAssistant",
					"$(PROJECT_DIR)/AEBaseProject/Class/AEMagicBox/ThirdParty/alipay",
					"$(PROJECT_DIR)/AEBaseProject/Class/AEMagicBox/ThirdParty/BMapKit",
					"$(PROJECT_DIR)/AEBaseProject/Class/AEMagicBox/ThirdParty/TencentOpenAPI",
				);
				GCC_PRECOMPILE_PREFIX_HEADER = YES;
				GCC_PREFIX_HEADER = "$(SRCROOT)/$(PROJECT_NAME)/PrefixHeader.pch";
				INFOPLIST_FILE = AEBaseProject/Info.plist;
				IPHONEOS_DEPLOYMENT_TARGET = 8.0;
				LD_RUNPATH_SEARCH_PATHS = "$(inherited) @executable_path/Frameworks";
				LIBRARY_SEARCH_PATHS = (
					"$(inherited)",
					"$(PROJECT_DIR)/AEBaseProject/Class/AEMagicBox/ThirdParty/libWeiboSDK",
					"$(PROJECT_DIR)/AEBaseProject/Class/AEMagicBox/ThirdParty/WeChatSDK",
				);
				OTHER_LDFLAGS = (
					"-lstdc++",
					"-ObjC",
					"-licucore",
				);
				PRODUCT_BUNDLE_IDENTIFIER = com.stardust.AEBaseProject;
				PRODUCT_NAME = "$(TARGET_NAME)";
				PROVISIONING_PROFILE = "";
			};
			name = Debug;
		};
		1EAAC2A81CD835D80005A4F7 /* Release */ = {
			isa = XCBuildConfiguration;
			buildSettings = {
				ASSETCATALOG_COMPILER_APPICON_NAME = AppIcon;
				ASSETCATALOG_COMPILER_LAUNCHIMAGE_NAME = LaunchImage;
				CODE_SIGN_IDENTITY = "iPhone Developer";
				"CODE_SIGN_IDENTITY[sdk=iphoneos*]" = "iPhone Developer";
				FRAMEWORK_SEARCH_PATHS = (
					"$(inherited)",
					"$(PROJECT_DIR)/AEBaseProject/AEAssistant",
					"$(PROJECT_DIR)/AEBaseProject/Class/AEMagicBox/ThirdParty/alipay",
					"$(PROJECT_DIR)/AEBaseProject/Class/AEMagicBox/ThirdParty/BMapKit",
					"$(PROJECT_DIR)/AEBaseProject/Class/AEMagicBox/ThirdParty/TencentOpenAPI",
				);
				GCC_PRECOMPILE_PREFIX_HEADER = YES;
				GCC_PREFIX_HEADER = "$(SRCROOT)/$(PROJECT_NAME)/PrefixHeader.pch";
				INFOPLIST_FILE = AEBaseProject/Info.plist;
				IPHONEOS_DEPLOYMENT_TARGET = 8.0;
				LD_RUNPATH_SEARCH_PATHS = "$(inherited) @executable_path/Frameworks";
				LIBRARY_SEARCH_PATHS = (
					"$(inherited)",
					"$(PROJECT_DIR)/AEBaseProject/Class/AEMagicBox/ThirdParty/libWeiboSDK",
					"$(PROJECT_DIR)/AEBaseProject/Class/AEMagicBox/ThirdParty/WeChatSDK",
				);
				OTHER_LDFLAGS = (
					"-lstdc++",
					"-ObjC",
					"-licucore",
				);
				PRODUCT_BUNDLE_IDENTIFIER = com.stardust.AEBaseProject;
				PRODUCT_NAME = "$(TARGET_NAME)";
				PROVISIONING_PROFILE = "";
			};
			name = Release;
		};
/* End XCBuildConfiguration section */

/* Begin XCConfigurationList section */
		1EAAC28A1CD835D70005A4F7 /* Build configuration list for PBXProject "AEBaseProject" */ = {
			isa = XCConfigurationList;
			buildConfigurations = (
				1EAAC2A41CD835D80005A4F7 /* Debug */,
				1EAAC2A51CD835D80005A4F7 /* Release */,
			);
			defaultConfigurationIsVisible = 0;
			defaultConfigurationName = Release;
		};
		1EAAC2A61CD835D80005A4F7 /* Build configuration list for PBXNativeTarget "AEBaseProject" */ = {
			isa = XCConfigurationList;
			buildConfigurations = (
				1EAAC2A71CD835D80005A4F7 /* Debug */,
				1EAAC2A81CD835D80005A4F7 /* Release */,
			);
			defaultConfigurationIsVisible = 0;
			defaultConfigurationName = Release;
		};
/* End XCConfigurationList section */
	};
	rootObject = 1EAAC2871CD835D60005A4F7 /* Project object */;
}
